// !$*UTF8*$!
{
	archiveVersion = 1;
	classes = {
	};
	objectVersion = 56;
	objects = {

/* Begin PBXBuildFile section */
		B221ED022B54E702006C24DF /* AppSchemas.swift in Sources */ = {isa = PBXBuildFile; fileRef = B221ED002B54E702006C24DF /* AppSchemas.swift */; };
		B221ED072B54F86B006C24DF /* Creature.Backing.swift in Sources */ = {isa = PBXBuildFile; fileRef = B221ED062B54F86B006C24DF /* Creature.Backing.swift */; };
		B221ED0A2B550B0F006C24DF /* PersistentModelContext.swift in Sources */ = {isa = PBXBuildFile; fileRef = B221ED082B550B0F006C24DF /* PersistentModelContext.swift */; };
		B221ED0B2B550B0F006C24DF /* Logger.swift in Sources */ = {isa = PBXBuildFile; fileRef = B221ED092B550B0F006C24DF /* Logger.swift */; };
		B221ED0D2B551FC3006C24DF /* ARKitSessionManager.swift in Sources */ = {isa = PBXBuildFile; fileRef = B221ED0C2B551FC3006C24DF /* ARKitSessionManager.swift */; };
		B221ED0F2B55581F006C24DF /* Billboard.swift in Sources */ = {isa = PBXBuildFile; fileRef = B221ED0E2B55581F006C24DF /* Billboard.swift */; };
		B22C8E2F2B523A720076CC12 /* AnimationResourceExtensions.swift in Sources */ = {isa = PBXBuildFile; fileRef = B22C8E2E2B523A720076CC12 /* AnimationResourceExtensions.swift */; };
		B22C8E312B523A850076CC12 /* CustomTimingFunction.swift in Sources */ = {isa = PBXBuildFile; fileRef = B22C8E302B523A850076CC12 /* CustomTimingFunction.swift */; };
		B22C8E332B5241B50076CC12 /* DataProviderExtensions.swift in Sources */ = {isa = PBXBuildFile; fileRef = B22C8E322B5241B50076CC12 /* DataProviderExtensions.swift */; };
		B22C8E372B524D490076CC12 /* Emoting.swift in Sources */ = {isa = PBXBuildFile; fileRef = B22C8E362B524D490076CC12 /* Emoting.swift */; };
		B22C8E392B5257290076CC12 /* Creature.Entity.swift in Sources */ = {isa = PBXBuildFile; fileRef = B22C8E382B5257290076CC12 /* Creature.Entity.swift */; };
		B22C8E3B2B5268EC0076CC12 /* Emoting.Animation.swift in Sources */ = {isa = PBXBuildFile; fileRef = B22C8E3A2B5268EC0076CC12 /* Emoting.Animation.swift */; };
		B22C8E3D2B52AF870076CC12 /* SequenceExtensions.swift in Sources */ = {isa = PBXBuildFile; fileRef = B22C8E3C2B52AF870076CC12 /* SequenceExtensions.swift */; };
		B22C8E402B52EA3A0076CC12 /* ComposableArchitecture in Frameworks */ = {isa = PBXBuildFile; productRef = B22C8E3F2B52EA3A0076CC12 /* ComposableArchitecture */; };
		B22C8E432B52EAE40076CC12 /* Creature.Feature.swift in Sources */ = {isa = PBXBuildFile; fileRef = B22C8E422B52EAE40076CC12 /* Creature.Feature.swift */; };
		B2372A392B5231AE0015B8EA /* ImmersiveID.swift in Sources */ = {isa = PBXBuildFile; fileRef = B2372A382B5231AE0015B8EA /* ImmersiveID.swift */; };
		B2A085612B52287F003AD224 /* RealityKitContent in Frameworks */ = {isa = PBXBuildFile; productRef = B2A085602B52287F003AD224 /* RealityKitContent */; };
		B2A085632B52287F003AD224 /* demoApp.swift in Sources */ = {isa = PBXBuildFile; fileRef = B2A085622B52287F003AD224 /* demoApp.swift */; };
		B2A085652B52287F003AD224 /* Creature.VolumetricView.swift in Sources */ = {isa = PBXBuildFile; fileRef = B2A085642B52287F003AD224 /* Creature.VolumetricView.swift */; };
		B2A085672B52287F003AD224 /* Creature.ImmersiveView.swift in Sources */ = {isa = PBXBuildFile; fileRef = B2A085662B52287F003AD224 /* Creature.ImmersiveView.swift */; };
		B2A085692B522881003AD224 /* Assets.xcassets in Resources */ = {isa = PBXBuildFile; fileRef = B2A085682B522881003AD224 /* Assets.xcassets */; };
		B2A0856C2B522881003AD224 /* Preview Assets.xcassets in Resources */ = {isa = PBXBuildFile; fileRef = B2A0856B2B522881003AD224 /* Preview Assets.xcassets */; };
		B2B777FC2B57B7CF00F82646 /* Follow.swift in Sources */ = {isa = PBXBuildFile; fileRef = B2B777FB2B57B7CF00F82646 /* Follow.swift */; };
		B2BE58AE2B5A7E8F00B28316 /* AudioSession.swift in Sources */ = {isa = PBXBuildFile; fileRef = B2BE58AD2B5A7E8F00B28316 /* AudioSession.swift */; };
		B2BE58B02B5A8B5500B28316 /* Creature.Understanding.swift in Sources */ = {isa = PBXBuildFile; fileRef = B2BE58AF2B5A8B5400B28316 /* Creature.Understanding.swift */; };
		B2BE58BF2B5B226D00B28316 /* SNClassifySoundRequestExtensions.swift in Sources */ = {isa = PBXBuildFile; fileRef = B2BE58B92B5B226D00B28316 /* SNClassifySoundRequestExtensions.swift */; };
		B2BE58C32B5B23AA00B28316 /* SoundAnalyser.swift in Sources */ = {isa = PBXBuildFile; fileRef = B2BE58C22B5B23AA00B28316 /* SoundAnalyser.swift */; };
		B2BE58C52B5B278000B28316 /* SoundAnalyser.SoundType.swift in Sources */ = {isa = PBXBuildFile; fileRef = B2BE58C42B5B278000B28316 /* SoundAnalyser.SoundType.swift */; };
		B2BE58C72B5BF25F00B28316 /* AudioEngine.swift in Sources */ = {isa = PBXBuildFile; fileRef = B2BE58C62B5BF25F00B28316 /* AudioEngine.swift */; };
		B2BE58C92B5C247300B28316 /* TextBubble.swift in Sources */ = {isa = PBXBuildFile; fileRef = B2BE58C82B5C247300B28316 /* TextBubble.swift */; };
		B2BE58CE2B5C6FA400B28316 /* TypeText.swift in Sources */ = {isa = PBXBuildFile; fileRef = B2BE58CD2B5C6FA400B28316 /* TypeText.swift */; };
		B2BE58D02B5C92E800B28316 /* TaskExtensions.swift in Sources */ = {isa = PBXBuildFile; fileRef = B2BE58CF2B5C92E800B28316 /* TaskExtensions.swift */; };
		B2BE58D22B5D389E00B28316 /* MeshAnchor.GeometryExtensions.swift in Sources */ = {isa = PBXBuildFile; fileRef = B2BE58D12B5D389E00B28316 /* MeshAnchor.GeometryExtensions.swift */; };
		B2BE58D42B5D61AF00B28316 /* Creature.Intent.swift in Sources */ = {isa = PBXBuildFile; fileRef = B2BE58D32B5D61AF00B28316 /* Creature.Intent.swift */; };
		B2BE58D82B5DC9C200B28316 /* SoundAnalyser.Emojis.swift in Sources */ = {isa = PBXBuildFile; fileRef = B2BE58D72B5DC9C100B28316 /* SoundAnalyser.Emojis.swift */; };
		B2BE58DC2B5EA50B00B28316 /* App.Feature.swift in Sources */ = {isa = PBXBuildFile; fileRef = B2BE58DB2B5EA50B00B28316 /* App.Feature.swift */; };
		B2BE58DF2B5F1FFD00B28316 /* StepBasicView.swift in Sources */ = {isa = PBXBuildFile; fileRef = B2BE58DE2B5F1FFC00B28316 /* StepBasicView.swift */; };
		B2BE58E12B5F338D00B28316 /* StepData.Content.swift in Sources */ = {isa = PBXBuildFile; fileRef = B2BE58E02B5F338D00B28316 /* StepData.Content.swift */; };
		B2BE58E32B5FC7C900B28316 /* RootView.swift in Sources */ = {isa = PBXBuildFile; fileRef = B2BE58E22B5FC7C900B28316 /* RootView.swift */; };
		B2BE58E52B5FCB2400B28316 /* App.Feature.ViewState.swift in Sources */ = {isa = PBXBuildFile; fileRef = B2BE58E42B5FCB2400B28316 /* App.Feature.ViewState.swift */; };
		B2BE58E72B5FF11600B28316 /* StringExtensions.swift in Sources */ = {isa = PBXBuildFile; fileRef = B2BE58E62B5FF11600B28316 /* StringExtensions.swift */; };
		B2BE58EA2B601FF900B28316 /* StepHeroView.swift in Sources */ = {isa = PBXBuildFile; fileRef = B2BE58E92B601FF900B28316 /* StepHeroView.swift */; };
		B2BE58ED2B6021B000B28316 /* StepControlView.swift in Sources */ = {isa = PBXBuildFile; fileRef = B2BE58EC2B6021B000B28316 /* StepControlView.swift */; };
		B2BE58EF2B6028AA00B28316 /* StepOrnamentControls.swift in Sources */ = {isa = PBXBuildFile; fileRef = B2BE58EE2B6028AA00B28316 /* StepOrnamentControls.swift */; };
		B2BE58F12B602BA700B28316 /* StepData.swift in Sources */ = {isa = PBXBuildFile; fileRef = B2BE58F02B602BA700B28316 /* StepData.swift */; };
		B2DFE0B82B569645008CD4C1 /* ColorData.swift in Sources */ = {isa = PBXBuildFile; fileRef = B2DFE0B72B569645008CD4C1 /* ColorData.swift */; };
/* End PBXBuildFile section */

/* Begin PBXFileReference section */
		B221ED002B54E702006C24DF /* AppSchemas.swift */ = {isa = PBXFileReference; fileEncoding = 4; lastKnownFileType = sourcecode.swift; path = AppSchemas.swift; sourceTree = "<group>"; };
		B221ED062B54F86B006C24DF /* Creature.Backing.swift */ = {isa = PBXFileReference; lastKnownFileType = sourcecode.swift; path = Creature.Backing.swift; sourceTree = "<group>"; };
		B221ED082B550B0F006C24DF /* PersistentModelContext.swift */ = {isa = PBXFileReference; fileEncoding = 4; lastKnownFileType = sourcecode.swift; path = PersistentModelContext.swift; sourceTree = "<group>"; };
		B221ED092B550B0F006C24DF /* Logger.swift */ = {isa = PBXFileReference; fileEncoding = 4; lastKnownFileType = sourcecode.swift; path = Logger.swift; sourceTree = "<group>"; };
		B221ED0C2B551FC3006C24DF /* ARKitSessionManager.swift */ = {isa = PBXFileReference; lastKnownFileType = sourcecode.swift; path = ARKitSessionManager.swift; sourceTree = "<group>"; };
		B221ED0E2B55581F006C24DF /* Billboard.swift */ = {isa = PBXFileReference; lastKnownFileType = sourcecode.swift; path = Billboard.swift; sourceTree = "<group>"; };
		B22C8E2E2B523A720076CC12 /* AnimationResourceExtensions.swift */ = {isa = PBXFileReference; lastKnownFileType = sourcecode.swift; path = AnimationResourceExtensions.swift; sourceTree = "<group>"; };
		B22C8E302B523A850076CC12 /* CustomTimingFunction.swift */ = {isa = PBXFileReference; lastKnownFileType = sourcecode.swift; path = CustomTimingFunction.swift; sourceTree = "<group>"; };
		B22C8E322B5241B50076CC12 /* DataProviderExtensions.swift */ = {isa = PBXFileReference; lastKnownFileType = sourcecode.swift; path = DataProviderExtensions.swift; sourceTree = "<group>"; };
		B22C8E362B524D490076CC12 /* Emoting.swift */ = {isa = PBXFileReference; lastKnownFileType = sourcecode.swift; path = Emoting.swift; sourceTree = "<group>"; };
		B22C8E382B5257290076CC12 /* Creature.Entity.swift */ = {isa = PBXFileReference; lastKnownFileType = sourcecode.swift; path = Creature.Entity.swift; sourceTree = "<group>"; };
		B22C8E3A2B5268EC0076CC12 /* Emoting.Animation.swift */ = {isa = PBXFileReference; lastKnownFileType = sourcecode.swift; path = Emoting.Animation.swift; sourceTree = "<group>"; };
		B22C8E3C2B52AF870076CC12 /* SequenceExtensions.swift */ = {isa = PBXFileReference; lastKnownFileType = sourcecode.swift; path = SequenceExtensions.swift; sourceTree = "<group>"; };
		B22C8E422B52EAE40076CC12 /* Creature.Feature.swift */ = {isa = PBXFileReference; lastKnownFileType = sourcecode.swift; path = Creature.Feature.swift; sourceTree = "<group>"; };
		B2372A382B5231AE0015B8EA /* ImmersiveID.swift */ = {isa = PBXFileReference; lastKnownFileType = sourcecode.swift; path = ImmersiveID.swift; sourceTree = "<group>"; };
		B2A0855B2B52287F003AD224 /* keepers-tech-demo.app */ = {isa = PBXFileReference; explicitFileType = wrapper.application; includeInIndex = 0; path = "keepers-tech-demo.app"; sourceTree = BUILT_PRODUCTS_DIR; };
		B2A0855F2B52287F003AD224 /* RealityKitContent */ = {isa = PBXFileReference; lastKnownFileType = wrapper; path = RealityKitContent; sourceTree = "<group>"; };
		B2A085622B52287F003AD224 /* demoApp.swift */ = {isa = PBXFileReference; lastKnownFileType = sourcecode.swift; path = demoApp.swift; sourceTree = "<group>"; };
		B2A085642B52287F003AD224 /* Creature.VolumetricView.swift */ = {isa = PBXFileReference; lastKnownFileType = sourcecode.swift; path = Creature.VolumetricView.swift; sourceTree = "<group>"; };
		B2A085662B52287F003AD224 /* Creature.ImmersiveView.swift */ = {isa = PBXFileReference; lastKnownFileType = sourcecode.swift; path = Creature.ImmersiveView.swift; sourceTree = "<group>"; };
		B2A085682B522881003AD224 /* Assets.xcassets */ = {isa = PBXFileReference; lastKnownFileType = folder.assetcatalog; path = Assets.xcassets; sourceTree = "<group>"; };
		B2A0856B2B522881003AD224 /* Preview Assets.xcassets */ = {isa = PBXFileReference; lastKnownFileType = folder.assetcatalog; path = "Preview Assets.xcassets"; sourceTree = "<group>"; };
		B2A0856D2B522881003AD224 /* Info.plist */ = {isa = PBXFileReference; lastKnownFileType = text.plist.xml; path = Info.plist; sourceTree = "<group>"; };
		B2A085742B522BFD003AD224 /* RealityFoundation.framework */ = {isa = PBXFileReference; lastKnownFileType = wrapper.framework; name = RealityFoundation.framework; path = System/Library/Frameworks/RealityFoundation.framework; sourceTree = SDKROOT; };
		B2B777FB2B57B7CF00F82646 /* Follow.swift */ = {isa = PBXFileReference; lastKnownFileType = sourcecode.swift; path = Follow.swift; sourceTree = "<group>"; };
		B2BE58AD2B5A7E8F00B28316 /* AudioSession.swift */ = {isa = PBXFileReference; lastKnownFileType = sourcecode.swift; path = AudioSession.swift; sourceTree = "<group>"; };
		B2BE58AF2B5A8B5400B28316 /* Creature.Understanding.swift */ = {isa = PBXFileReference; lastKnownFileType = sourcecode.swift; path = Creature.Understanding.swift; sourceTree = "<group>"; };
		B2BE58B92B5B226D00B28316 /* SNClassifySoundRequestExtensions.swift */ = {isa = PBXFileReference; fileEncoding = 4; lastKnownFileType = sourcecode.swift; path = SNClassifySoundRequestExtensions.swift; sourceTree = "<group>"; };
		B2BE58C22B5B23AA00B28316 /* SoundAnalyser.swift */ = {isa = PBXFileReference; lastKnownFileType = sourcecode.swift; path = SoundAnalyser.swift; sourceTree = "<group>"; };
		B2BE58C42B5B278000B28316 /* SoundAnalyser.SoundType.swift */ = {isa = PBXFileReference; lastKnownFileType = sourcecode.swift; path = SoundAnalyser.SoundType.swift; sourceTree = "<group>"; };
		B2BE58C62B5BF25F00B28316 /* AudioEngine.swift */ = {isa = PBXFileReference; lastKnownFileType = sourcecode.swift; path = AudioEngine.swift; sourceTree = "<group>"; };
		B2BE58C82B5C247300B28316 /* TextBubble.swift */ = {isa = PBXFileReference; lastKnownFileType = sourcecode.swift; path = TextBubble.swift; sourceTree = "<group>"; };
		B2BE58CD2B5C6FA400B28316 /* TypeText.swift */ = {isa = PBXFileReference; lastKnownFileType = sourcecode.swift; path = TypeText.swift; sourceTree = "<group>"; };
		B2BE58CF2B5C92E800B28316 /* TaskExtensions.swift */ = {isa = PBXFileReference; lastKnownFileType = sourcecode.swift; path = TaskExtensions.swift; sourceTree = "<group>"; };
		B2BE58D12B5D389E00B28316 /* MeshAnchor.GeometryExtensions.swift */ = {isa = PBXFileReference; lastKnownFileType = sourcecode.swift; path = MeshAnchor.GeometryExtensions.swift; sourceTree = "<group>"; };
		B2BE58D32B5D61AF00B28316 /* Creature.Intent.swift */ = {isa = PBXFileReference; lastKnownFileType = sourcecode.swift; path = Creature.Intent.swift; sourceTree = "<group>"; };
		B2BE58D72B5DC9C100B28316 /* SoundAnalyser.Emojis.swift */ = {isa = PBXFileReference; lastKnownFileType = sourcecode.swift; path = SoundAnalyser.Emojis.swift; sourceTree = "<group>"; };
		B2BE58DB2B5EA50B00B28316 /* App.Feature.swift */ = {isa = PBXFileReference; lastKnownFileType = sourcecode.swift; path = App.Feature.swift; sourceTree = "<group>"; };
		B2BE58DE2B5F1FFC00B28316 /* StepBasicView.swift */ = {isa = PBXFileReference; lastKnownFileType = sourcecode.swift; path = StepBasicView.swift; sourceTree = "<group>"; };
		B2BE58E02B5F338D00B28316 /* StepData.Content.swift */ = {isa = PBXFileReference; lastKnownFileType = sourcecode.swift; path = StepData.Content.swift; sourceTree = "<group>"; };
		B2BE58E22B5FC7C900B28316 /* RootView.swift */ = {isa = PBXFileReference; lastKnownFileType = sourcecode.swift; path = RootView.swift; sourceTree = "<group>"; };
		B2BE58E42B5FCB2400B28316 /* App.Feature.ViewState.swift */ = {isa = PBXFileReference; lastKnownFileType = sourcecode.swift; path = App.Feature.ViewState.swift; sourceTree = "<group>"; };
		B2BE58E62B5FF11600B28316 /* StringExtensions.swift */ = {isa = PBXFileReference; lastKnownFileType = sourcecode.swift; path = StringExtensions.swift; sourceTree = "<group>"; };
		B2BE58E92B601FF900B28316 /* StepHeroView.swift */ = {isa = PBXFileReference; lastKnownFileType = sourcecode.swift; path = StepHeroView.swift; sourceTree = "<group>"; };
		B2BE58EC2B6021B000B28316 /* StepControlView.swift */ = {isa = PBXFileReference; lastKnownFileType = sourcecode.swift; path = StepControlView.swift; sourceTree = "<group>"; };
		B2BE58EE2B6028AA00B28316 /* StepOrnamentControls.swift */ = {isa = PBXFileReference; lastKnownFileType = sourcecode.swift; path = StepOrnamentControls.swift; sourceTree = "<group>"; };
		B2BE58F02B602BA700B28316 /* StepData.swift */ = {isa = PBXFileReference; lastKnownFileType = sourcecode.swift; path = StepData.swift; sourceTree = "<group>"; };
		B2D3E9332B53BCFA003009C1 /* keepers-tech-demo.entitlements */ = {isa = PBXFileReference; lastKnownFileType = text.plist.entitlements; path = "keepers-tech-demo.entitlements"; sourceTree = "<group>"; };
		B2DFE0B72B569645008CD4C1 /* ColorData.swift */ = {isa = PBXFileReference; lastKnownFileType = sourcecode.swift; path = ColorData.swift; sourceTree = "<group>"; };
/* End PBXFileReference section */

/* Begin PBXFrameworksBuildPhase section */
		B2A085582B52287F003AD224 /* Frameworks */ = {
			isa = PBXFrameworksBuildPhase;
			buildActionMask = 2147483647;
			files = (
				B22C8E402B52EA3A0076CC12 /* ComposableArchitecture in Frameworks */,
				B2A085612B52287F003AD224 /* RealityKitContent in Frameworks */,
			);
			runOnlyForDeploymentPostprocessing = 0;
		};
/* End PBXFrameworksBuildPhase section */

/* Begin PBXGroup section */
		B221ECFE2B54E6D9006C24DF /* dependencies */ = {
			isa = PBXGroup;
			children = (
				B221ED082B550B0F006C24DF /* PersistentModelContext.swift */,
				B221ED092B550B0F006C24DF /* Logger.swift */,
				B221ED0C2B551FC3006C24DF /* ARKitSessionManager.swift */,
				B2BE58AD2B5A7E8F00B28316 /* AudioSession.swift */,
				B2BE58C22B5B23AA00B28316 /* SoundAnalyser.swift */,
				B2BE58C42B5B278000B28316 /* SoundAnalyser.SoundType.swift */,
				B2BE58D72B5DC9C100B28316 /* SoundAnalyser.Emojis.swift */,
				B2BE58C62B5BF25F00B28316 /* AudioEngine.swift */,
			);
			path = dependencies;
			sourceTree = "<group>";
		};
		B221ED032B54EADC006C24DF /* swiftdata */ = {
			isa = PBXGroup;
			children = (
				B221ED002B54E702006C24DF /* AppSchemas.swift */,
				B221ED062B54F86B006C24DF /* Creature.Backing.swift */,
				B2DFE0B72B569645008CD4C1 /* ColorData.swift */,
			);
			path = swiftdata;
			sourceTree = "<group>";
		};
		B22C8E412B52EA430076CC12 /* tca */ = {
			isa = PBXGroup;
			children = (
				B221ECFE2B54E6D9006C24DF /* dependencies */,
				B22C8E422B52EAE40076CC12 /* Creature.Feature.swift */,
				B2BE58AF2B5A8B5400B28316 /* Creature.Understanding.swift */,
				B2BE58D32B5D61AF00B28316 /* Creature.Intent.swift */,
				B2BE58DB2B5EA50B00B28316 /* App.Feature.swift */,
				B2BE58E42B5FCB2400B28316 /* App.Feature.ViewState.swift */,
			);
			path = tca;
			sourceTree = "<group>";
		};
		B28AD6C32B56E9EB0071D32C /* swiftui */ = {
			isa = PBXGroup;
			children = (
				B2BE58CC2B5C6F7100B28316 /* modifiers */,
				B2BE58E82B601F1300B28316 /* presentation */,
				B2BE58EB2B6020E500B28316 /* reality */,
				B2BE58E22B5FC7C900B28316 /* RootView.swift */,
			);
			path = swiftui;
			sourceTree = "<group>";
		};
		B2A085522B52287F003AD224 = {
			isa = PBXGroup;
			children = (
				B2A0855D2B52287F003AD224 /* keepers-tech-demo */,
				B2A0855E2B52287F003AD224 /* Packages */,
				B2A0855C2B52287F003AD224 /* Products */,
				B2A085732B522BFD003AD224 /* Frameworks */,
			);
			sourceTree = "<group>";
		};
		B2A0855C2B52287F003AD224 /* Products */ = {
			isa = PBXGroup;
			children = (
				B2A0855B2B52287F003AD224 /* keepers-tech-demo.app */,
			);
			name = Products;
			sourceTree = "<group>";
		};
		B2A0855D2B52287F003AD224 /* keepers-tech-demo */ = {
			isa = PBXGroup;
			children = (
				B2D3E9332B53BCFA003009C1 /* keepers-tech-demo.entitlements */,
				B221ED032B54EADC006C24DF /* swiftdata */,
				B22C8E412B52EA430076CC12 /* tca */,
				B2E1306D2B522F15002CBE8A /* helpers */,
				B2E1306A2B522EDF002CBE8A /* ecs */,
				B28AD6C32B56E9EB0071D32C /* swiftui */,
				B2A085622B52287F003AD224 /* demoApp.swift */,
				B2A085682B522881003AD224 /* Assets.xcassets */,
				B2A0856D2B522881003AD224 /* Info.plist */,
				B2A0856A2B522881003AD224 /* Preview Content */,
			);
			path = "keepers-tech-demo";
			sourceTree = "<group>";
		};
		B2A0855E2B52287F003AD224 /* Packages */ = {
			isa = PBXGroup;
			children = (
				B2A0855F2B52287F003AD224 /* RealityKitContent */,
			);
			path = Packages;
			sourceTree = "<group>";
		};
		B2A0856A2B522881003AD224 /* Preview Content */ = {
			isa = PBXGroup;
			children = (
				B2A0856B2B522881003AD224 /* Preview Assets.xcassets */,
			);
			path = "Preview Content";
			sourceTree = "<group>";
		};
		B2A085732B522BFD003AD224 /* Frameworks */ = {
			isa = PBXGroup;
			children = (
				B2A085742B522BFD003AD224 /* RealityFoundation.framework */,
			);
			name = Frameworks;
			sourceTree = "<group>";
		};
		B2BE58CC2B5C6F7100B28316 /* modifiers */ = {
			isa = PBXGroup;
			children = (
				B2BE58CD2B5C6FA400B28316 /* TypeText.swift */,
			);
			path = modifiers;
			sourceTree = "<group>";
		};
		B2BE58E82B601F1300B28316 /* presentation */ = {
			isa = PBXGroup;
			children = (
				B2BE58F02B602BA700B28316 /* StepData.swift */,
				B2BE58E02B5F338D00B28316 /* StepData.Content.swift */,
				B2BE58E92B601FF900B28316 /* StepHeroView.swift */,
				B2BE58DE2B5F1FFC00B28316 /* StepBasicView.swift */,
				B2BE58EC2B6021B000B28316 /* StepControlView.swift */,
				B2BE58EE2B6028AA00B28316 /* StepOrnamentControls.swift */,
			);
			path = presentation;
			sourceTree = "<group>";
		};
		B2BE58EB2B6020E500B28316 /* reality */ = {
			isa = PBXGroup;
			children = (
				B2A085642B52287F003AD224 /* Creature.VolumetricView.swift */,
				B2A085662B52287F003AD224 /* Creature.ImmersiveView.swift */,
				B2BE58C82B5C247300B28316 /* TextBubble.swift */,
			);
			path = reality;
			sourceTree = "<group>";
		};
		B2E1306A2B522EDF002CBE8A /* ecs */ = {
			isa = PBXGroup;
			children = (
				B22C8E362B524D490076CC12 /* Emoting.swift */,
				B22C8E3A2B5268EC0076CC12 /* Emoting.Animation.swift */,
				B221ED0E2B55581F006C24DF /* Billboard.swift */,
				B2B777FB2B57B7CF00F82646 /* Follow.swift */,
				B22C8E382B5257290076CC12 /* Creature.Entity.swift */,
			);
			path = ecs;
			sourceTree = "<group>";
		};
		B2E1306D2B522F15002CBE8A /* helpers */ = {
			isa = PBXGroup;
			children = (
				B2372A382B5231AE0015B8EA /* ImmersiveID.swift */,
				B22C8E2E2B523A720076CC12 /* AnimationResourceExtensions.swift */,
				B22C8E302B523A850076CC12 /* CustomTimingFunction.swift */,
				B22C8E322B5241B50076CC12 /* DataProviderExtensions.swift */,
				B22C8E3C2B52AF870076CC12 /* SequenceExtensions.swift */,
				B2BE58B92B5B226D00B28316 /* SNClassifySoundRequestExtensions.swift */,
				B2BE58CF2B5C92E800B28316 /* TaskExtensions.swift */,
				B2BE58D12B5D389E00B28316 /* MeshAnchor.GeometryExtensions.swift */,
				B2BE58E62B5FF11600B28316 /* StringExtensions.swift */,
			);
			path = helpers;
			sourceTree = "<group>";
		};
/* End PBXGroup section */

/* Begin PBXNativeTarget section */
		B2A0855A2B52287F003AD224 /* keepers-tech-demo */ = {
			isa = PBXNativeTarget;
			buildConfigurationList = B2A085702B522881003AD224 /* Build configuration list for PBXNativeTarget "keepers-tech-demo" */;
			buildPhases = (
				B2A085572B52287F003AD224 /* Sources */,
				B2A085582B52287F003AD224 /* Frameworks */,
				B2A085592B52287F003AD224 /* Resources */,
			);
			buildRules = (
			);
			dependencies = (
			);
			name = "keepers-tech-demo";
			packageProductDependencies = (
				B2A085602B52287F003AD224 /* RealityKitContent */,
				B22C8E3F2B52EA3A0076CC12 /* ComposableArchitecture */,
			);
			productName = "keepers-tech-demo";
			productReference = B2A0855B2B52287F003AD224 /* keepers-tech-demo.app */;
			productType = "com.apple.product-type.application";
		};
/* End PBXNativeTarget section */

/* Begin PBXProject section */
		B2A085532B52287F003AD224 /* Project object */ = {
			isa = PBXProject;
			attributes = {
				BuildIndependentTargetsInParallel = 1;
				LastSwiftUpdateCheck = 1520;
				LastUpgradeCheck = 1520;
				TargetAttributes = {
					B2A0855A2B52287F003AD224 = {
						CreatedOnToolsVersion = 15.2;
					};
				};
			};
			buildConfigurationList = B2A085562B52287F003AD224 /* Build configuration list for PBXProject "keepers-tech-demo" */;
			compatibilityVersion = "Xcode 14.0";
			developmentRegion = en;
			hasScannedForEncodings = 0;
			knownRegions = (
				en,
				Base,
			);
			mainGroup = B2A085522B52287F003AD224;
			packageReferences = (
				B22C8E3E2B52EA3A0076CC12 /* XCRemoteSwiftPackageReference "swift-composable-architecture" */,
			);
			productRefGroup = B2A0855C2B52287F003AD224 /* Products */;
			projectDirPath = "";
			projectRoot = "";
			targets = (
				B2A0855A2B52287F003AD224 /* keepers-tech-demo */,
			);
		};
/* End PBXProject section */

/* Begin PBXResourcesBuildPhase section */
		B2A085592B52287F003AD224 /* Resources */ = {
			isa = PBXResourcesBuildPhase;
			buildActionMask = 2147483647;
			files = (
				B2A0856C2B522881003AD224 /* Preview Assets.xcassets in Resources */,
				B2A085692B522881003AD224 /* Assets.xcassets in Resources */,
			);
			runOnlyForDeploymentPostprocessing = 0;
		};
/* End PBXResourcesBuildPhase section */

/* Begin PBXSourcesBuildPhase section */
		B2A085572B52287F003AD224 /* Sources */ = {
			isa = PBXSourcesBuildPhase;
			buildActionMask = 2147483647;
			files = (
				B2BE58CE2B5C6FA400B28316 /* TypeText.swift in Sources */,
				B2BE58F12B602BA700B28316 /* StepData.swift in Sources */,
				B221ED022B54E702006C24DF /* AppSchemas.swift in Sources */,
				B2A085652B52287F003AD224 /* Creature.VolumetricView.swift in Sources */,
				B2BE58EF2B6028AA00B28316 /* StepOrnamentControls.swift in Sources */,
				B221ED0D2B551FC3006C24DF /* ARKitSessionManager.swift in Sources */,
				B2BE58C32B5B23AA00B28316 /* SoundAnalyser.swift in Sources */,
				B2A085632B52287F003AD224 /* demoApp.swift in Sources */,
				B2BE58E12B5F338D00B28316 /* StepData.Content.swift in Sources */,
				B22C8E432B52EAE40076CC12 /* Creature.Feature.swift in Sources */,
				B2BE58ED2B6021B000B28316 /* StepControlView.swift in Sources */,
				B22C8E392B5257290076CC12 /* Creature.Entity.swift in Sources */,
				B2BE58BF2B5B226D00B28316 /* SNClassifySoundRequestExtensions.swift in Sources */,
				B2BE58E32B5FC7C900B28316 /* RootView.swift in Sources */,
				B2372A392B5231AE0015B8EA /* ImmersiveID.swift in Sources */,
				B22C8E372B524D490076CC12 /* Emoting.swift in Sources */,
				B2BE58C72B5BF25F00B28316 /* AudioEngine.swift in Sources */,
				B221ED0B2B550B0F006C24DF /* Logger.swift in Sources */,
				B2BE58B02B5A8B5500B28316 /* Creature.Understanding.swift in Sources */,
				B221ED0A2B550B0F006C24DF /* PersistentModelContext.swift in Sources */,
				B2BE58D22B5D389E00B28316 /* MeshAnchor.GeometryExtensions.swift in Sources */,
				B2BE58E72B5FF11600B28316 /* StringExtensions.swift in Sources */,
				B2A085672B52287F003AD224 /* Creature.ImmersiveView.swift in Sources */,
				B2BE58D42B5D61AF00B28316 /* Creature.Intent.swift in Sources */,
				B2BE58D82B5DC9C200B28316 /* SoundAnalyser.Emojis.swift in Sources */,
				B22C8E3D2B52AF870076CC12 /* SequenceExtensions.swift in Sources */,
				B221ED072B54F86B006C24DF /* Creature.Backing.swift in Sources */,
				B2BE58C92B5C247300B28316 /* TextBubble.swift in Sources */,
				B2BE58E52B5FCB2400B28316 /* App.Feature.ViewState.swift in Sources */,
				B221ED0F2B55581F006C24DF /* Billboard.swift in Sources */,
				B2BE58C52B5B278000B28316 /* SoundAnalyser.SoundType.swift in Sources */,
				B2B777FC2B57B7CF00F82646 /* Follow.swift in Sources */,
				B22C8E332B5241B50076CC12 /* DataProviderExtensions.swift in Sources */,
				B2BE58EA2B601FF900B28316 /* StepHeroView.swift in Sources */,
				B22C8E312B523A850076CC12 /* CustomTimingFunction.swift in Sources */,
				B2BE58DC2B5EA50B00B28316 /* App.Feature.swift in Sources */,
				B2BE58D02B5C92E800B28316 /* TaskExtensions.swift in Sources */,
				B2DFE0B82B569645008CD4C1 /* ColorData.swift in Sources */,
				B22C8E2F2B523A720076CC12 /* AnimationResourceExtensions.swift in Sources */,
				B22C8E3B2B5268EC0076CC12 /* Emoting.Animation.swift in Sources */,
				B2BE58DF2B5F1FFD00B28316 /* StepBasicView.swift in Sources */,
				B2BE58AE2B5A7E8F00B28316 /* AudioSession.swift in Sources */,
			);
			runOnlyForDeploymentPostprocessing = 0;
		};
/* End PBXSourcesBuildPhase section */

/* Begin XCBuildConfiguration section */
		B2A0856E2B522881003AD224 /* Debug */ = {
			isa = XCBuildConfiguration;
			buildSettings = {
				ALWAYS_SEARCH_USER_PATHS = NO;
				ASSETCATALOG_COMPILER_GENERATE_SWIFT_ASSET_SYMBOL_EXTENSIONS = YES;
				CLANG_ANALYZER_NONNULL = YES;
				CLANG_ANALYZER_NUMBER_OBJECT_CONVERSION = YES_AGGRESSIVE;
				CLANG_CXX_LANGUAGE_STANDARD = "gnu++20";
				CLANG_ENABLE_MODULES = YES;
				CLANG_ENABLE_OBJC_ARC = YES;
				CLANG_ENABLE_OBJC_WEAK = YES;
				CLANG_WARN_BLOCK_CAPTURE_AUTORELEASING = YES;
				CLANG_WARN_BOOL_CONVERSION = YES;
				CLANG_WARN_COMMA = YES;
				CLANG_WARN_CONSTANT_CONVERSION = YES;
				CLANG_WARN_DEPRECATED_OBJC_IMPLEMENTATIONS = YES;
				CLANG_WARN_DIRECT_OBJC_ISA_USAGE = YES_ERROR;
				CLANG_WARN_DOCUMENTATION_COMMENTS = YES;
				CLANG_WARN_EMPTY_BODY = YES;
				CLANG_WARN_ENUM_CONVERSION = YES;
				CLANG_WARN_INFINITE_RECURSION = YES;
				CLANG_WARN_INT_CONVERSION = YES;
				CLANG_WARN_NON_LITERAL_NULL_CONVERSION = YES;
				CLANG_WARN_OBJC_IMPLICIT_RETAIN_SELF = YES;
				CLANG_WARN_OBJC_LITERAL_CONVERSION = YES;
				CLANG_WARN_OBJC_ROOT_CLASS = YES_ERROR;
				CLANG_WARN_QUOTED_INCLUDE_IN_FRAMEWORK_HEADER = YES;
				CLANG_WARN_RANGE_LOOP_ANALYSIS = YES;
				CLANG_WARN_STRICT_PROTOTYPES = YES;
				CLANG_WARN_SUSPICIOUS_MOVE = YES;
				CLANG_WARN_UNGUARDED_AVAILABILITY = YES_AGGRESSIVE;
				CLANG_WARN_UNREACHABLE_CODE = YES;
				CLANG_WARN__DUPLICATE_METHOD_MATCH = YES;
				COPY_PHASE_STRIP = NO;
				DEBUG_INFORMATION_FORMAT = dwarf;
				ENABLE_STRICT_OBJC_MSGSEND = YES;
				ENABLE_TESTABILITY = YES;
				ENABLE_USER_SCRIPT_SANDBOXING = YES;
				GCC_C_LANGUAGE_STANDARD = gnu17;
				GCC_DYNAMIC_NO_PIC = NO;
				GCC_NO_COMMON_BLOCKS = YES;
				GCC_OPTIMIZATION_LEVEL = 0;
				GCC_PREPROCESSOR_DEFINITIONS = (
					"DEBUG=1",
					"$(inherited)",
				);
				GCC_WARN_64_TO_32_BIT_CONVERSION = YES;
				GCC_WARN_ABOUT_RETURN_TYPE = YES_ERROR;
				GCC_WARN_UNDECLARED_SELECTOR = YES;
				GCC_WARN_UNINITIALIZED_AUTOS = YES_AGGRESSIVE;
				GCC_WARN_UNUSED_FUNCTION = YES;
				GCC_WARN_UNUSED_VARIABLE = YES;
				LOCALIZATION_PREFERS_STRING_CATALOGS = YES;
				MTL_ENABLE_DEBUG_INFO = INCLUDE_SOURCE;
				MTL_FAST_MATH = YES;
				ONLY_ACTIVE_ARCH = YES;
				SDKROOT = xros;
				SWIFT_ACTIVE_COMPILATION_CONDITIONS = "DEBUG $(inherited)";
				SWIFT_OPTIMIZATION_LEVEL = "-Onone";
				XROS_DEPLOYMENT_TARGET = 1.0;
			};
			name = Debug;
		};
		B2A0856F2B522881003AD224 /* Release */ = {
			isa = XCBuildConfiguration;
			buildSettings = {
				ALWAYS_SEARCH_USER_PATHS = NO;
				ASSETCATALOG_COMPILER_GENERATE_SWIFT_ASSET_SYMBOL_EXTENSIONS = YES;
				CLANG_ANALYZER_NONNULL = YES;
				CLANG_ANALYZER_NUMBER_OBJECT_CONVERSION = YES_AGGRESSIVE;
				CLANG_CXX_LANGUAGE_STANDARD = "gnu++20";
				CLANG_ENABLE_MODULES = YES;
				CLANG_ENABLE_OBJC_ARC = YES;
				CLANG_ENABLE_OBJC_WEAK = YES;
				CLANG_WARN_BLOCK_CAPTURE_AUTORELEASING = YES;
				CLANG_WARN_BOOL_CONVERSION = YES;
				CLANG_WARN_COMMA = YES;
				CLANG_WARN_CONSTANT_CONVERSION = YES;
				CLANG_WARN_DEPRECATED_OBJC_IMPLEMENTATIONS = YES;
				CLANG_WARN_DIRECT_OBJC_ISA_USAGE = YES_ERROR;
				CLANG_WARN_DOCUMENTATION_COMMENTS = YES;
				CLANG_WARN_EMPTY_BODY = YES;
				CLANG_WARN_ENUM_CONVERSION = YES;
				CLANG_WARN_INFINITE_RECURSION = YES;
				CLANG_WARN_INT_CONVERSION = YES;
				CLANG_WARN_NON_LITERAL_NULL_CONVERSION = YES;
				CLANG_WARN_OBJC_IMPLICIT_RETAIN_SELF = YES;
				CLANG_WARN_OBJC_LITERAL_CONVERSION = YES;
				CLANG_WARN_OBJC_ROOT_CLASS = YES_ERROR;
				CLANG_WARN_QUOTED_INCLUDE_IN_FRAMEWORK_HEADER = YES;
				CLANG_WARN_RANGE_LOOP_ANALYSIS = YES;
				CLANG_WARN_STRICT_PROTOTYPES = YES;
				CLANG_WARN_SUSPICIOUS_MOVE = YES;
				CLANG_WARN_UNGUARDED_AVAILABILITY = YES_AGGRESSIVE;
				CLANG_WARN_UNREACHABLE_CODE = YES;
				CLANG_WARN__DUPLICATE_METHOD_MATCH = YES;
				COPY_PHASE_STRIP = NO;
				DEBUG_INFORMATION_FORMAT = "dwarf-with-dsym";
				ENABLE_NS_ASSERTIONS = NO;
				ENABLE_STRICT_OBJC_MSGSEND = YES;
				ENABLE_USER_SCRIPT_SANDBOXING = YES;
				GCC_C_LANGUAGE_STANDARD = gnu17;
				GCC_NO_COMMON_BLOCKS = YES;
				GCC_WARN_64_TO_32_BIT_CONVERSION = YES;
				GCC_WARN_ABOUT_RETURN_TYPE = YES_ERROR;
				GCC_WARN_UNDECLARED_SELECTOR = YES;
				GCC_WARN_UNINITIALIZED_AUTOS = YES_AGGRESSIVE;
				GCC_WARN_UNUSED_FUNCTION = YES;
				GCC_WARN_UNUSED_VARIABLE = YES;
				LOCALIZATION_PREFERS_STRING_CATALOGS = YES;
				MTL_ENABLE_DEBUG_INFO = NO;
				MTL_FAST_MATH = YES;
				SDKROOT = xros;
				SWIFT_COMPILATION_MODE = wholemodule;
				VALIDATE_PRODUCT = YES;
				XROS_DEPLOYMENT_TARGET = 1.0;
			};
			name = Release;
		};
		B2A085712B522881003AD224 /* Debug */ = {
			isa = XCBuildConfiguration;
			buildSettings = {
				ASSETCATALOG_COMPILER_APPICON_NAME = AppIcon;
				ASSETCATALOG_COMPILER_GLOBAL_ACCENT_COLOR_NAME = AccentColor;
				CODE_SIGN_ENTITLEMENTS = "keepers-tech-demo/keepers-tech-demo.entitlements";
				CODE_SIGN_STYLE = Automatic;
				CURRENT_PROJECT_VERSION = 1;
				DEVELOPMENT_ASSET_PATHS = "\"keepers-tech-demo/Preview Content\"";
				DEVELOPMENT_TEAM = QLUG646V84;
				ENABLE_PREVIEWS = YES;
				GENERATE_INFOPLIST_FILE = YES;
				INFOPLIST_FILE = "$(TARGET_NAME)/Info.plist";
				INFOPLIST_KEY_CFBundleDisplayName = "my ami — tech demo";
				INFOPLIST_KEY_LSApplicationCategoryType = "public.app-category.lifestyle";
				INFOPLIST_KEY_NSMicrophoneUsageDescription = "Utilizes microphone for creature to hear the environment.";
				LD_RUNPATH_SEARCH_PATHS = (
					"$(inherited)",
					"@executable_path/Frameworks",
				);
				MARKETING_VERSION = 1.0;
				PRODUCT_BUNDLE_IDENTIFIER = "com.nth.keepers-tech-demo";
				PRODUCT_NAME = "$(TARGET_NAME)";
				SUPPORTED_PLATFORMS = "xros xrsimulator";
				SWIFT_EMIT_LOC_STRINGS = YES;
				SWIFT_VERSION = 5.0;
				TARGETED_DEVICE_FAMILY = "1,2,7";
			};
			name = Debug;
		};
		B2A085722B522881003AD224 /* Release */ = {
			isa = XCBuildConfiguration;
			buildSettings = {
				ASSETCATALOG_COMPILER_APPICON_NAME = AppIcon;
				ASSETCATALOG_COMPILER_GLOBAL_ACCENT_COLOR_NAME = AccentColor;
				CODE_SIGN_ENTITLEMENTS = "keepers-tech-demo/keepers-tech-demo.entitlements";
				CODE_SIGN_STYLE = Automatic;
				CURRENT_PROJECT_VERSION = 1;
				DEVELOPMENT_ASSET_PATHS = "\"keepers-tech-demo/Preview Content\"";
				DEVELOPMENT_TEAM = QLUG646V84;
				ENABLE_PREVIEWS = YES;
				GENERATE_INFOPLIST_FILE = YES;
				INFOPLIST_FILE = "$(TARGET_NAME)/Info.plist";
				INFOPLIST_KEY_CFBundleDisplayName = "my ami — tech demo";
				INFOPLIST_KEY_LSApplicationCategoryType = "public.app-category.lifestyle";
				INFOPLIST_KEY_NSMicrophoneUsageDescription = "Utilizes microphone for creature to hear the environment.";
				LD_RUNPATH_SEARCH_PATHS = (
					"$(inherited)",
					"@executable_path/Frameworks",
				);
				MARKETING_VERSION = 1.0;
				PRODUCT_BUNDLE_IDENTIFIER = "com.nth.keepers-tech-demo";
				PRODUCT_NAME = "$(TARGET_NAME)";
				SUPPORTED_PLATFORMS = "xros xrsimulator";
				SWIFT_EMIT_LOC_STRINGS = YES;
				SWIFT_VERSION = 5.0;
				TARGETED_DEVICE_FAMILY = "1,2,7";
			};
			name = Release;
		};
/* End XCBuildConfiguration section */

/* Begin XCConfigurationList section */
		B2A085562B52287F003AD224 /* Build configuration list for PBXProject "keepers-tech-demo" */ = {
			isa = XCConfigurationList;
			buildConfigurations = (
				B2A0856E2B522881003AD224 /* Debug */,
				B2A0856F2B522881003AD224 /* Release */,
			);
			defaultConfigurationIsVisible = 0;
			defaultConfigurationName = Release;
		};
		B2A085702B522881003AD224 /* Build configuration list for PBXNativeTarget "keepers-tech-demo" */ = {
			isa = XCConfigurationList;
			buildConfigurations = (
				B2A085712B522881003AD224 /* Debug */,
				B2A085722B522881003AD224 /* Release */,
			);
			defaultConfigurationIsVisible = 0;
			defaultConfigurationName = Release;
		};
/* End XCConfigurationList section */

/* Begin XCRemoteSwiftPackageReference section */
		B22C8E3E2B52EA3A0076CC12 /* XCRemoteSwiftPackageReference "swift-composable-architecture" */ = {
			isa = XCRemoteSwiftPackageReference;
			repositoryURL = "https://github.com/pointfreeco/swift-composable-architecture";
			requirement = {
				kind = upToNextMajorVersion;
				minimumVersion = 1.6.0;
			};
		};
/* End XCRemoteSwiftPackageReference section */

/* Begin XCSwiftPackageProductDependency section */
		B22C8E3F2B52EA3A0076CC12 /* ComposableArchitecture */ = {
			isa = XCSwiftPackageProductDependency;
			package = B22C8E3E2B52EA3A0076CC12 /* XCRemoteSwiftPackageReference "swift-composable-architecture" */;
			productName = ComposableArchitecture;
		};
		B2A085602B52287F003AD224 /* RealityKitContent */ = {
			isa = XCSwiftPackageProductDependency;
			productName = RealityKitContent;
		};
/* End XCSwiftPackageProductDependency section */
	};
	rootObject = B2A085532B52287F003AD224 /* Project object */;
}
