// !$*UTF8*$!
{
	archiveVersion = 1;
	classes = {
	};
	objectVersion = 56;
	objects = {

/* Begin PBXBuildFile section */
		B208E5A02B0F55B400D2D043 /* Root.swift in Sources */ = {isa = PBXBuildFile; fileRef = B208E59F2B0F55B400D2D043 /* Root.swift */; };
		B208E5A22B0F56FF00D2D043 /* FileReader.swift in Sources */ = {isa = PBXBuildFile; fileRef = B208E5A12B0F56FF00D2D043 /* FileReader.swift */; };
		B208E5A32B0F56FF00D2D043 /* FileReader.swift in Sources */ = {isa = PBXBuildFile; fileRef = B208E5A12B0F56FF00D2D043 /* FileReader.swift */; };
		B208E5A52B0F5B6600D2D043 /* Root.View.swift in Sources */ = {isa = PBXBuildFile; fileRef = B208E5A42B0F5B6600D2D043 /* Root.View.swift */; };
		B217E9292AA97C1E0048C37A /* shared_packages.h in Headers */ = {isa = PBXBuildFile; fileRef = B217E9282AA97C1E0048C37A /* shared_packages.h */; settings = {ATTRIBUTES = (Public, ); }; };
		B217E9312AA97CC70048C37A /* shared_packages.framework in Frameworks */ = {isa = PBXBuildFile; fileRef = B217E9262AA97C1E0048C37A /* shared_packages.framework */; };
		B217E9322AA97CC70048C37A /* shared_packages.framework in Embed Frameworks */ = {isa = PBXBuildFile; fileRef = B217E9262AA97C1E0048C37A /* shared_packages.framework */; settings = {ATTRIBUTES = (CodeSignOnCopy, RemoveHeadersOnCopy, ); }; };
		B217E9362AA97CD00048C37A /* shared_packages.framework in Frameworks */ = {isa = PBXBuildFile; fileRef = B217E9262AA97C1E0048C37A /* shared_packages.framework */; };
		B217E9372AA97CD00048C37A /* shared_packages.framework in Embed Frameworks */ = {isa = PBXBuildFile; fileRef = B217E9262AA97C1E0048C37A /* shared_packages.framework */; settings = {ATTRIBUTES = (CodeSignOnCopy, RemoveHeadersOnCopy, ); }; };
		B21911912AA7A764003CE806 /* Assets.xcassets in Resources */ = {isa = PBXBuildFile; fileRef = B21911902AA7A764003CE806 /* Assets.xcassets */; };
		B21911952AA7A764003CE806 /* Preview Assets.xcassets in Resources */ = {isa = PBXBuildFile; fileRef = B21911942AA7A764003CE806 /* Preview Assets.xcassets */; };
		B21911A02AA7A764003CE806 /* keepersTests.swift in Sources */ = {isa = PBXBuildFile; fileRef = B219119F2AA7A764003CE806 /* keepersTests.swift */; };
		B21911AA2AA7A764003CE806 /* keepersUITests.swift in Sources */ = {isa = PBXBuildFile; fileRef = B21911A92AA7A764003CE806 /* keepersUITests.swift */; };
		B21911AC2AA7A764003CE806 /* keepersUITestsLaunchTests.swift in Sources */ = {isa = PBXBuildFile; fileRef = B21911AB2AA7A764003CE806 /* keepersUITestsLaunchTests.swift */; };
		B21911C42AA7A7EB003CE806 /* RealityKitContent in Frameworks */ = {isa = PBXBuildFile; productRef = B21911C32AA7A7EB003CE806 /* RealityKitContent */; };
		B21911C62AA7A7EB003CE806 /* mainApp.swift in Sources */ = {isa = PBXBuildFile; fileRef = B21911C52AA7A7EB003CE806 /* mainApp.swift */; };
		B21911C82AA7A7EB003CE806 /* ContentView.swift in Sources */ = {isa = PBXBuildFile; fileRef = B21911C72AA7A7EB003CE806 /* ContentView.swift */; };
		B21911CA2AA7A7EB003CE806 /* ImmersiveView.swift in Sources */ = {isa = PBXBuildFile; fileRef = B21911C92AA7A7EB003CE806 /* ImmersiveView.swift */; };
		B21911CC2AA7A7ED003CE806 /* Assets.xcassets in Resources */ = {isa = PBXBuildFile; fileRef = B21911CB2AA7A7ED003CE806 /* Assets.xcassets */; };
		B21911CF2AA7A7ED003CE806 /* Preview Assets.xcassets in Resources */ = {isa = PBXBuildFile; fileRef = B21911CE2AA7A7ED003CE806 /* Preview Assets.xcassets */; };
		B21911DA2AA7A7EE003CE806 /* keepers_togetherTests.swift in Sources */ = {isa = PBXBuildFile; fileRef = B21911D92AA7A7EE003CE806 /* keepers_togetherTests.swift */; };
		B21E70A62AD5188C0018E8A6 /* kloppenheim_06.skybox in Resources */ = {isa = PBXBuildFile; fileRef = B21E70A42AD5188C0018E8A6 /* kloppenheim_06.skybox */; };
		B21E70A92AD5191E0018E8A6 /* attributions.txt in Resources */ = {isa = PBXBuildFile; fileRef = B21E70A82AD5191E0018E8A6 /* attributions.txt */; };
		B21F34142AC1526A00175652 /* TextDisplay.swift in Sources */ = {isa = PBXBuildFile; fileRef = B21F34132AC1526A00175652 /* TextDisplay.swift */; };
		B21F34152AC1526A00175652 /* TextDisplay.swift in Sources */ = {isa = PBXBuildFile; fileRef = B21F34132AC1526A00175652 /* TextDisplay.swift */; };
		B21F34172AC15D2300175652 /* Resources.swift in Sources */ = {isa = PBXBuildFile; fileRef = B21F34162AC15D2300175652 /* Resources.swift */; };
		B21F34182AC15D2300175652 /* Resources.swift in Sources */ = {isa = PBXBuildFile; fileRef = B21F34162AC15D2300175652 /* Resources.swift */; };
		B22491F02AD88413003D8B75 /* WeakBox.swift in Sources */ = {isa = PBXBuildFile; fileRef = B22491EF2AD88413003D8B75 /* WeakBox.swift */; };
		B22491F12AD88413003D8B75 /* WeakBox.swift in Sources */ = {isa = PBXBuildFile; fileRef = B22491EF2AD88413003D8B75 /* WeakBox.swift */; };
		B22491F72AD8AD13003D8B75 /* Clamping.swift in Sources */ = {isa = PBXBuildFile; fileRef = B22491F62AD8AD13003D8B75 /* Clamping.swift */; };
		B22491F82AD8AD13003D8B75 /* Clamping.swift in Sources */ = {isa = PBXBuildFile; fileRef = B22491F62AD8AD13003D8B75 /* Clamping.swift */; };
		B225E7792ACE0E2E00A79539 /* PetRuntime.swift in Sources */ = {isa = PBXBuildFile; fileRef = B225E7782ACE0E2E00A79539 /* PetRuntime.swift */; };
		B225E77A2ACE0E2E00A79539 /* PetRuntime.swift in Sources */ = {isa = PBXBuildFile; fileRef = B225E7782ACE0E2E00A79539 /* PetRuntime.swift */; };
		B225E77F2ACE277D00A79539 /* ComparableExtensions.swift in Sources */ = {isa = PBXBuildFile; fileRef = B225E77E2ACE277D00A79539 /* ComparableExtensions.swift */; };
		B225E7802ACE277D00A79539 /* ComparableExtensions.swift in Sources */ = {isa = PBXBuildFile; fileRef = B225E77E2ACE277D00A79539 /* ComparableExtensions.swift */; };
		B225E7852ACFEB1B00A79539 /* GaussianDistribution.swift in Sources */ = {isa = PBXBuildFile; fileRef = B225E7842ACFEB1B00A79539 /* GaussianDistribution.swift */; };
		B225E7862ACFEB1B00A79539 /* GaussianDistribution.swift in Sources */ = {isa = PBXBuildFile; fileRef = B225E7842ACFEB1B00A79539 /* GaussianDistribution.swift */; };
		B225E7892AD0A56D00A79539 /* ReproducibleRandomSource.swift in Sources */ = {isa = PBXBuildFile; fileRef = B225E7882AD0A56D00A79539 /* ReproducibleRandomSource.swift */; };
		B225E78A2AD0A56D00A79539 /* ReproducibleRandomSource.swift in Sources */ = {isa = PBXBuildFile; fileRef = B225E7882AD0A56D00A79539 /* ReproducibleRandomSource.swift */; };
		B225E78D2AD0C86F00A79539 /* SwiftPriorityQueue in Frameworks */ = {isa = PBXBuildFile; productRef = B225E78C2AD0C86F00A79539 /* SwiftPriorityQueue */; settings = {ATTRIBUTES = (Weak, ); }; };
		B23C41862ADF4A0C001750A6 /* Fullness.swift in Sources */ = {isa = PBXBuildFile; fileRef = B23C41852ADF4A0C001750A6 /* Fullness.swift */; };
		B23C41872ADF4A0C001750A6 /* Fullness.swift in Sources */ = {isa = PBXBuildFile; fileRef = B23C41852ADF4A0C001750A6 /* Fullness.swift */; };
		B24CC1FC2AE106E4008AACCB /* models in Resources */ = {isa = PBXBuildFile; fileRef = B24CC1FB2AE106E4008AACCB /* models */; };
		B24CC1FD2AE106E4008AACCB /* models in Resources */ = {isa = PBXBuildFile; fileRef = B24CC1FB2AE106E4008AACCB /* models */; };
		B25819F42ABD2B2A003B9C90 /* UIColorExtensions.swift in Sources */ = {isa = PBXBuildFile; fileRef = B25819F32ABD2B2A003B9C90 /* UIColorExtensions.swift */; };
		B25819F52ABD2B2A003B9C90 /* UIColorExtensions.swift in Sources */ = {isa = PBXBuildFile; fileRef = B25819F32ABD2B2A003B9C90 /* UIColorExtensions.swift */; };
		B25819F82ABD4B5F003B9C90 /* AddOrEditPet.View.swift in Sources */ = {isa = PBXBuildFile; fileRef = B25819F72ABD4B5F003B9C90 /* AddOrEditPet.View.swift */; };
		B25819F92ABD4B5F003B9C90 /* AddOrEditPet.View.swift in Sources */ = {isa = PBXBuildFile; fileRef = B25819F72ABD4B5F003B9C90 /* AddOrEditPet.View.swift */; };
		B25819FB2ABD4BDE003B9C90 /* AddOrEditPet.swift in Sources */ = {isa = PBXBuildFile; fileRef = B25819FA2ABD4BDE003B9C90 /* AddOrEditPet.swift */; };
		B25819FC2ABD4BDE003B9C90 /* AddOrEditPet.swift in Sources */ = {isa = PBXBuildFile; fileRef = B25819FA2ABD4BDE003B9C90 /* AddOrEditPet.swift */; };
		B2581A072ABD7DF1003B9C90 /* PetDisplay.View.RKView.swift in Sources */ = {isa = PBXBuildFile; fileRef = B2581A062ABD7DF1003B9C90 /* PetDisplay.View.RKView.swift */; };
		B2581A0F2ABE7967003B9C90 /* SimpleBounce.swift in Sources */ = {isa = PBXBuildFile; fileRef = B2581A0E2ABE7967003B9C90 /* SimpleBounce.swift */; };
		B2581A142ABE99C2003B9C90 /* AppSystem.swift in Sources */ = {isa = PBXBuildFile; fileRef = B2581A132ABE99C2003B9C90 /* AppSystem.swift */; };
		B2581A152ABE99C2003B9C90 /* AppSystem.swift in Sources */ = {isa = PBXBuildFile; fileRef = B2581A132ABE99C2003B9C90 /* AppSystem.swift */; };
		B2581A172ABE99D6003B9C90 /* AppComponent.swift in Sources */ = {isa = PBXBuildFile; fileRef = B2581A162ABE99D6003B9C90 /* AppComponent.swift */; };
		B2581A182ABE99D6003B9C90 /* AppComponent.swift in Sources */ = {isa = PBXBuildFile; fileRef = B2581A162ABE99D6003B9C90 /* AppComponent.swift */; };
		B25A02EF2AD503B20057DF0E /* AudioSettings.View.swift in Sources */ = {isa = PBXBuildFile; fileRef = B2F9B4F22AAD75490070E4E3 /* AudioSettings.View.swift */; };
		B25D88E92B17456800BF624D /* ComposableArchitecture in Frameworks */ = {isa = PBXBuildFile; productRef = B25D88E82B17456800BF624D /* ComposableArchitecture */; };
		B25F84D32AA81BA400526045 /* WaitForCloudKitDataView.swift in Sources */ = {isa = PBXBuildFile; fileRef = B25F84D22AA81BA400526045 /* WaitForCloudKitDataView.swift */; };
		B25F84D72AA909DB00526045 /* Styles.swift in Sources */ = {isa = PBXBuildFile; fileRef = B25F84D62AA909DB00526045 /* Styles.swift */; };
		B25F84D82AA909DB00526045 /* Styles.swift in Sources */ = {isa = PBXBuildFile; fileRef = B25F84D62AA909DB00526045 /* Styles.swift */; };
		B25F84D92AA909E100526045 /* WaitForCloudKitDataView.swift in Sources */ = {isa = PBXBuildFile; fileRef = B25F84D22AA81BA400526045 /* WaitForCloudKitDataView.swift */; };
		B25F84E62AA9287E00526045 /* ErrorFeature.View.swift in Sources */ = {isa = PBXBuildFile; fileRef = B25F84E52AA9287E00526045 /* ErrorFeature.View.swift */; };
		B25F84E72AA9287E00526045 /* ErrorFeature.View.swift in Sources */ = {isa = PBXBuildFile; fileRef = B25F84E52AA9287E00526045 /* ErrorFeature.View.swift */; };
		B275EC7F2AD729AD00791AC0 /* PetRuntime.Cached.swift in Sources */ = {isa = PBXBuildFile; fileRef = B275EC7E2AD729AD00791AC0 /* PetRuntime.Cached.swift */; };
		B275EC802AD729AD00791AC0 /* PetRuntime.Cached.swift in Sources */ = {isa = PBXBuildFile; fileRef = B275EC7E2AD729AD00791AC0 /* PetRuntime.Cached.swift */; };
		B28607BA2AD242670011286D /* WaitForLoad.swift in Sources */ = {isa = PBXBuildFile; fileRef = B28607B92AD242670011286D /* WaitForLoad.swift */; };
		B28607BB2AD242670011286D /* WaitForLoad.swift in Sources */ = {isa = PBXBuildFile; fileRef = B28607B92AD242670011286D /* WaitForLoad.swift */; };
		B28607BD2AD244830011286D /* WaitForLoad.View.swift in Sources */ = {isa = PBXBuildFile; fileRef = B28607BC2AD244830011286D /* WaitForLoad.View.swift */; };
		B28607BE2AD244830011286D /* WaitForLoad.View.swift in Sources */ = {isa = PBXBuildFile; fileRef = B28607BC2AD244830011286D /* WaitForLoad.View.swift */; };
		B28607C02AD247760011286D /* ErrorFeature.swift in Sources */ = {isa = PBXBuildFile; fileRef = B28607BF2AD247760011286D /* ErrorFeature.swift */; };
		B28607C12AD247760011286D /* ErrorFeature.swift in Sources */ = {isa = PBXBuildFile; fileRef = B28607BF2AD247760011286D /* ErrorFeature.swift */; };
		B293EB142ABCFAE500ADB49A /* PetDisplay.View.swift in Sources */ = {isa = PBXBuildFile; fileRef = B293EB132ABCFAE500ADB49A /* PetDisplay.View.swift */; };
		B293EB162ABCFC8C00ADB49A /* PetDisplay.swift in Sources */ = {isa = PBXBuildFile; fileRef = B293EB152ABCFC8C00ADB49A /* PetDisplay.swift */; };
		B2A4C48C2ADBBE5800535C18 /* VariableMicroSystem.swift in Sources */ = {isa = PBXBuildFile; fileRef = B2A4C48B2ADBBE5800535C18 /* VariableMicroSystem.swift */; };
		B2A4C48D2ADBBE5800535C18 /* VariableMicroSystem.swift in Sources */ = {isa = PBXBuildFile; fileRef = B2A4C48B2ADBBE5800535C18 /* VariableMicroSystem.swift */; };
		B2AD3F852ACBA201003BEB9F /* Record.swift in Sources */ = {isa = PBXBuildFile; fileRef = B2AD3F842ACBA201003BEB9F /* Record.swift */; };
		B2AD3F862ACBA201003BEB9F /* Record.swift in Sources */ = {isa = PBXBuildFile; fileRef = B2AD3F842ACBA201003BEB9F /* Record.swift */; };
		B2B173DC2AC25D29002AA2D0 /* TextDisplay.View.swift in Sources */ = {isa = PBXBuildFile; fileRef = B2B173DB2AC25D29002AA2D0 /* TextDisplay.View.swift */; };
		B2B173DD2AC25D29002AA2D0 /* TextDisplay.View.swift in Sources */ = {isa = PBXBuildFile; fileRef = B2B173DB2AC25D29002AA2D0 /* TextDisplay.View.swift */; };
		B2B51A0B2AAC4BDF0024E3BA /* AudioSettings.swift in Sources */ = {isa = PBXBuildFile; fileRef = B2B51A0A2AAC4BDF0024E3BA /* AudioSettings.swift */; };
		B2B51A0C2AAC4BDF0024E3BA /* AudioSettings.swift in Sources */ = {isa = PBXBuildFile; fileRef = B2B51A0A2AAC4BDF0024E3BA /* AudioSettings.swift */; };
		B2B51A0F2AAC55CE0024E3BA /* mainApp.swift in Sources */ = {isa = PBXBuildFile; fileRef = B2B51A0E2AAC55CE0024E3BA /* mainApp.swift */; };
		B2B51A122AAC56260024E3BA /* Root.View.swift in Sources */ = {isa = PBXBuildFile; fileRef = B2B51A112AAC56260024E3BA /* Root.View.swift */; };
		B2D902952AD1F56D00BE02BF /* PetRuntime.Naive.swift in Sources */ = {isa = PBXBuildFile; fileRef = B2D902942AD1F56D00BE02BF /* PetRuntime.Naive.swift */; };
		B2D902962AD1F56D00BE02BF /* PetRuntime.Naive.swift in Sources */ = {isa = PBXBuildFile; fileRef = B2D902942AD1F56D00BE02BF /* PetRuntime.Naive.swift */; };
		B2D9029C2AD2144300BE02BF /* Marquee in Frameworks */ = {isa = PBXBuildFile; productRef = B2D9029B2AD2144300BE02BF /* Marquee */; settings = {ATTRIBUTES = (Weak, ); }; };
		B2D958552AD5385300D9408E /* PetRuntimeDebug.swift in Sources */ = {isa = PBXBuildFile; fileRef = B2D958542AD5385300D9408E /* PetRuntimeDebug.swift */; };
		B2D958562AD5385300D9408E /* PetRuntimeDebug.swift in Sources */ = {isa = PBXBuildFile; fileRef = B2D958542AD5385300D9408E /* PetRuntimeDebug.swift */; };
		B2D958582AD53E1C00D9408E /* PetRuntimeDebug.View.swift in Sources */ = {isa = PBXBuildFile; fileRef = B2D958572AD53E1C00D9408E /* PetRuntimeDebug.View.swift */; };
		B2D958592AD53E1C00D9408E /* PetRuntimeDebug.View.swift in Sources */ = {isa = PBXBuildFile; fileRef = B2D958572AD53E1C00D9408E /* PetRuntimeDebug.View.swift */; };
		B2EC9FF92AABAC630005D0AB /* Root.swift in Sources */ = {isa = PBXBuildFile; fileRef = B2EC9FF82AABAC630005D0AB /* Root.swift */; };
		B2F9B4E32AAD653C0070E4E3 /* ViewExtensions.swift in Sources */ = {isa = PBXBuildFile; fileRef = B2F9B4E22AAD653C0070E4E3 /* ViewExtensions.swift */; };
		B2F9B4E42AAD653C0070E4E3 /* ViewExtensions.swift in Sources */ = {isa = PBXBuildFile; fileRef = B2F9B4E22AAD653C0070E4E3 /* ViewExtensions.swift */; };
		B2F9B4E72AAD6C0E0070E4E3 /* UserPreferencesClient.swift in Sources */ = {isa = PBXBuildFile; fileRef = B2F9B4E62AAD6C0E0070E4E3 /* UserPreferencesClient.swift */; };
		B2F9B4E82AAD6C0E0070E4E3 /* UserPreferencesClient.swift in Sources */ = {isa = PBXBuildFile; fileRef = B2F9B4E62AAD6C0E0070E4E3 /* UserPreferencesClient.swift */; };
		B2F9B4EA2AAD6C6E0070E4E3 /* AudioPlayerClient.swift in Sources */ = {isa = PBXBuildFile; fileRef = B2F9B4E92AAD6C6E0070E4E3 /* AudioPlayerClient.swift */; };
		B2F9B4EB2AAD6C6E0070E4E3 /* AudioPlayerClient.swift in Sources */ = {isa = PBXBuildFile; fileRef = B2F9B4E92AAD6C6E0070E4E3 /* AudioPlayerClient.swift */; };
		B2F9B4ED2AAD6CB00070E4E3 /* LoggerClient.swift in Sources */ = {isa = PBXBuildFile; fileRef = B2F9B4EC2AAD6CB00070E4E3 /* LoggerClient.swift */; };
		B2F9B4EE2AAD6CB00070E4E3 /* LoggerClient.swift in Sources */ = {isa = PBXBuildFile; fileRef = B2F9B4EC2AAD6CB00070E4E3 /* LoggerClient.swift */; };
		B2F9B4F02AAD6D580070E4E3 /* PersistentModelContext.swift in Sources */ = {isa = PBXBuildFile; fileRef = B2F9B4EF2AAD6D580070E4E3 /* PersistentModelContext.swift */; };
		B2F9B4F12AAD6D580070E4E3 /* PersistentModelContext.swift in Sources */ = {isa = PBXBuildFile; fileRef = B2F9B4EF2AAD6D580070E4E3 /* PersistentModelContext.swift */; };
		B2F9B4F32AAD75490070E4E3 /* AudioSettings.View.swift in Sources */ = {isa = PBXBuildFile; fileRef = B2F9B4F22AAD75490070E4E3 /* AudioSettings.View.swift */; };
		B2F9B4F72AAD92280070E4E3 /* PetList.View.swift in Sources */ = {isa = PBXBuildFile; fileRef = B2F9B4F62AAD92280070E4E3 /* PetList.View.swift */; };
		B2F9B4F92AAD92B80070E4E3 /* PetsList.swift in Sources */ = {isa = PBXBuildFile; fileRef = B2F9B4F82AAD92B80070E4E3 /* PetsList.swift */; };
		B2F9B4FD2AAD99A60070E4E3 /* Creature.swift in Sources */ = {isa = PBXBuildFile; fileRef = B2F9B4FC2AAD99A60070E4E3 /* Creature.swift */; };
		B2F9B4FE2AAD99A60070E4E3 /* Creature.swift in Sources */ = {isa = PBXBuildFile; fileRef = B2F9B4FC2AAD99A60070E4E3 /* Creature.swift */; };
		B2F9B5002AAE5AEE0070E4E3 /* BindingExtensions.swift in Sources */ = {isa = PBXBuildFile; fileRef = B2F9B4FF2AAE5AEE0070E4E3 /* BindingExtensions.swift */; };
		B2F9B5012AAE5AEE0070E4E3 /* BindingExtensions.swift in Sources */ = {isa = PBXBuildFile; fileRef = B2F9B4FF2AAE5AEE0070E4E3 /* BindingExtensions.swift */; };
		B2F9B5062AAEDDB00070E4E3 /* TimeInvervalExtensions.swift in Sources */ = {isa = PBXBuildFile; fileRef = B2F9B5052AAEDDB00070E4E3 /* TimeInvervalExtensions.swift */; };
		B2F9B5072AAEDDB00070E4E3 /* TimeInvervalExtensions.swift in Sources */ = {isa = PBXBuildFile; fileRef = B2F9B5052AAEDDB00070E4E3 /* TimeInvervalExtensions.swift */; };
		B2F9B5092AAEEA9C0070E4E3 /* DateExtensions.swift in Sources */ = {isa = PBXBuildFile; fileRef = B2F9B5082AAEEA9C0070E4E3 /* DateExtensions.swift */; };
		B2F9B50A2AAEEA9C0070E4E3 /* DateExtensions.swift in Sources */ = {isa = PBXBuildFile; fileRef = B2F9B5082AAEEA9C0070E4E3 /* DateExtensions.swift */; };
		B2F9B50C2AB011000070E4E3 /* AppSchemas.swift in Sources */ = {isa = PBXBuildFile; fileRef = B2F9B50B2AB011000070E4E3 /* AppSchemas.swift */; };
		B2F9B50D2AB011000070E4E3 /* AppSchemas.swift in Sources */ = {isa = PBXBuildFile; fileRef = B2F9B50B2AB011000070E4E3 /* AppSchemas.swift */; };
/* End PBXBuildFile section */

/* Begin PBXContainerItemProxy section */
		B217E9332AA97CC70048C37A /* PBXContainerItemProxy */ = {
			isa = PBXContainerItemProxy;
			containerPortal = B219117F2AA7A762003CE806 /* Project object */;
			proxyType = 1;
			remoteGlobalIDString = B217E9252AA97C1E0048C37A;
			remoteInfo = "shared-packages";
		};
		B217E9382AA97CD00048C37A /* PBXContainerItemProxy */ = {
			isa = PBXContainerItemProxy;
			containerPortal = B219117F2AA7A762003CE806 /* Project object */;
			proxyType = 1;
			remoteGlobalIDString = B217E9252AA97C1E0048C37A;
			remoteInfo = "shared-packages";
		};
		B219119C2AA7A764003CE806 /* PBXContainerItemProxy */ = {
			isa = PBXContainerItemProxy;
			containerPortal = B219117F2AA7A762003CE806 /* Project object */;
			proxyType = 1;
			remoteGlobalIDString = B21911862AA7A762003CE806;
			remoteInfo = keepers;
		};
		B21911A62AA7A764003CE806 /* PBXContainerItemProxy */ = {
			isa = PBXContainerItemProxy;
			containerPortal = B219117F2AA7A762003CE806 /* Project object */;
			proxyType = 1;
			remoteGlobalIDString = B21911862AA7A762003CE806;
			remoteInfo = keepers;
		};
		B21911D62AA7A7EE003CE806 /* PBXContainerItemProxy */ = {
			isa = PBXContainerItemProxy;
			containerPortal = B219117F2AA7A762003CE806 /* Project object */;
			proxyType = 1;
			remoteGlobalIDString = B21911BE2AA7A7EB003CE806;
			remoteInfo = "keepers:together";
		};
/* End PBXContainerItemProxy section */

/* Begin PBXCopyFilesBuildPhase section */
		B217E9352AA97CC70048C37A /* Embed Frameworks */ = {
			isa = PBXCopyFilesBuildPhase;
			buildActionMask = 2147483647;
			dstPath = "";
			dstSubfolderSpec = 10;
			files = (
				B217E9322AA97CC70048C37A /* shared_packages.framework in Embed Frameworks */,
			);
			name = "Embed Frameworks";
			runOnlyForDeploymentPostprocessing = 0;
		};
		B217E93A2AA97CD00048C37A /* Embed Frameworks */ = {
			isa = PBXCopyFilesBuildPhase;
			buildActionMask = 2147483647;
			dstPath = "";
			dstSubfolderSpec = 10;
			files = (
				B217E9372AA97CD00048C37A /* shared_packages.framework in Embed Frameworks */,
			);
			name = "Embed Frameworks";
			runOnlyForDeploymentPostprocessing = 0;
		};
/* End PBXCopyFilesBuildPhase section */

/* Begin PBXFileReference section */
		B208E59F2B0F55B400D2D043 /* Root.swift */ = {isa = PBXFileReference; lastKnownFileType = sourcecode.swift; path = Root.swift; sourceTree = "<group>"; };
		B208E5A12B0F56FF00D2D043 /* FileReader.swift */ = {isa = PBXFileReference; lastKnownFileType = sourcecode.swift; path = FileReader.swift; sourceTree = "<group>"; };
		B208E5A42B0F5B6600D2D043 /* Root.View.swift */ = {isa = PBXFileReference; lastKnownFileType = sourcecode.swift; path = Root.View.swift; sourceTree = "<group>"; };
		B217E9262AA97C1E0048C37A /* shared_packages.framework */ = {isa = PBXFileReference; explicitFileType = wrapper.framework; includeInIndex = 0; path = shared_packages.framework; sourceTree = BUILT_PRODUCTS_DIR; };
		B217E9282AA97C1E0048C37A /* shared_packages.h */ = {isa = PBXFileReference; lastKnownFileType = sourcecode.c.h; path = shared_packages.h; sourceTree = "<group>"; };
		B21911872AA7A762003CE806 /* keepers.app */ = {isa = PBXFileReference; explicitFileType = wrapper.application; includeInIndex = 0; path = keepers.app; sourceTree = BUILT_PRODUCTS_DIR; };
		B21911902AA7A764003CE806 /* Assets.xcassets */ = {isa = PBXFileReference; lastKnownFileType = folder.assetcatalog; path = Assets.xcassets; sourceTree = "<group>"; };
		B21911922AA7A764003CE806 /* keepers.entitlements */ = {isa = PBXFileReference; lastKnownFileType = text.plist.entitlements; path = keepers.entitlements; sourceTree = "<group>"; };
		B21911942AA7A764003CE806 /* Preview Assets.xcassets */ = {isa = PBXFileReference; lastKnownFileType = folder.assetcatalog; path = "Preview Assets.xcassets"; sourceTree = "<group>"; };
		B21911962AA7A764003CE806 /* Info.plist */ = {isa = PBXFileReference; lastKnownFileType = text.plist.xml; path = Info.plist; sourceTree = "<group>"; };
		B219119B2AA7A764003CE806 /* keepersTests.xctest */ = {isa = PBXFileReference; explicitFileType = wrapper.cfbundle; includeInIndex = 0; path = keepersTests.xctest; sourceTree = BUILT_PRODUCTS_DIR; };
		B219119F2AA7A764003CE806 /* keepersTests.swift */ = {isa = PBXFileReference; lastKnownFileType = sourcecode.swift; path = keepersTests.swift; sourceTree = "<group>"; };
		B21911A52AA7A764003CE806 /* keepersUITests.xctest */ = {isa = PBXFileReference; explicitFileType = wrapper.cfbundle; includeInIndex = 0; path = keepersUITests.xctest; sourceTree = BUILT_PRODUCTS_DIR; };
		B21911A92AA7A764003CE806 /* keepersUITests.swift */ = {isa = PBXFileReference; lastKnownFileType = sourcecode.swift; path = keepersUITests.swift; sourceTree = "<group>"; };
		B21911AB2AA7A764003CE806 /* keepersUITestsLaunchTests.swift */ = {isa = PBXFileReference; lastKnownFileType = sourcecode.swift; path = keepersUITestsLaunchTests.swift; sourceTree = "<group>"; };
		B21911BF2AA7A7EB003CE806 /* keepers-together.app */ = {isa = PBXFileReference; explicitFileType = wrapper.application; includeInIndex = 0; path = "keepers-together.app"; sourceTree = BUILT_PRODUCTS_DIR; };
		B21911C22AA7A7EB003CE806 /* RealityKitContent */ = {isa = PBXFileReference; lastKnownFileType = wrapper; path = RealityKitContent; sourceTree = "<group>"; };
		B21911C52AA7A7EB003CE806 /* mainApp.swift */ = {isa = PBXFileReference; lastKnownFileType = sourcecode.swift; path = mainApp.swift; sourceTree = "<group>"; };
		B21911C72AA7A7EB003CE806 /* ContentView.swift */ = {isa = PBXFileReference; lastKnownFileType = sourcecode.swift; path = ContentView.swift; sourceTree = "<group>"; };
		B21911C92AA7A7EB003CE806 /* ImmersiveView.swift */ = {isa = PBXFileReference; lastKnownFileType = sourcecode.swift; path = ImmersiveView.swift; sourceTree = "<group>"; };
		B21911CB2AA7A7ED003CE806 /* Assets.xcassets */ = {isa = PBXFileReference; lastKnownFileType = folder.assetcatalog; path = Assets.xcassets; sourceTree = "<group>"; };
		B21911CE2AA7A7ED003CE806 /* Preview Assets.xcassets */ = {isa = PBXFileReference; lastKnownFileType = folder.assetcatalog; path = "Preview Assets.xcassets"; sourceTree = "<group>"; };
		B21911D02AA7A7ED003CE806 /* Info.plist */ = {isa = PBXFileReference; lastKnownFileType = text.plist.xml; path = Info.plist; sourceTree = "<group>"; };
		B21911D52AA7A7EE003CE806 /* keepers:togetherTests.xctest */ = {isa = PBXFileReference; explicitFileType = wrapper.cfbundle; includeInIndex = 0; path = "keepers:togetherTests.xctest"; sourceTree = BUILT_PRODUCTS_DIR; };
		B21911D92AA7A7EE003CE806 /* keepers_togetherTests.swift */ = {isa = PBXFileReference; lastKnownFileType = sourcecode.swift; path = keepers_togetherTests.swift; sourceTree = "<group>"; };
		B21E70A82AD5191E0018E8A6 /* attributions.txt */ = {isa = PBXFileReference; fileEncoding = 4; lastKnownFileType = text; path = attributions.txt; sourceTree = "<group>"; };
		B21F34132AC1526A00175652 /* TextDisplay.swift */ = {isa = PBXFileReference; lastKnownFileType = sourcecode.swift; path = TextDisplay.swift; sourceTree = "<group>"; };
		B21F34162AC15D2300175652 /* Resources.swift */ = {isa = PBXFileReference; lastKnownFileType = sourcecode.swift; path = Resources.swift; sourceTree = "<group>"; };
		B22491EF2AD88413003D8B75 /* WeakBox.swift */ = {isa = PBXFileReference; lastKnownFileType = sourcecode.swift; path = WeakBox.swift; sourceTree = "<group>"; };
		B22491F62AD8AD13003D8B75 /* Clamping.swift */ = {isa = PBXFileReference; lastKnownFileType = sourcecode.swift; path = Clamping.swift; sourceTree = "<group>"; };
		B225E7782ACE0E2E00A79539 /* PetRuntime.swift */ = {isa = PBXFileReference; fileEncoding = 4; lastKnownFileType = sourcecode.swift; path = PetRuntime.swift; sourceTree = "<group>"; };
		B225E77E2ACE277D00A79539 /* ComparableExtensions.swift */ = {isa = PBXFileReference; lastKnownFileType = sourcecode.swift; path = ComparableExtensions.swift; sourceTree = "<group>"; };
		B225E7842ACFEB1B00A79539 /* GaussianDistribution.swift */ = {isa = PBXFileReference; lastKnownFileType = sourcecode.swift; path = GaussianDistribution.swift; sourceTree = "<group>"; };
		B225E7882AD0A56D00A79539 /* ReproducibleRandomSource.swift */ = {isa = PBXFileReference; lastKnownFileType = sourcecode.swift; path = ReproducibleRandomSource.swift; sourceTree = "<group>"; };
		B23C41852ADF4A0C001750A6 /* Fullness.swift */ = {isa = PBXFileReference; lastKnownFileType = sourcecode.swift; path = Fullness.swift; sourceTree = "<group>"; };
		B24CC1FB2AE106E4008AACCB /* models */ = {isa = PBXFileReference; lastKnownFileType = folder; path = models; sourceTree = "<group>"; };
		B25819F32ABD2B2A003B9C90 /* UIColorExtensions.swift */ = {isa = PBXFileReference; lastKnownFileType = sourcecode.swift; path = UIColorExtensions.swift; sourceTree = "<group>"; };
		B25819F72ABD4B5F003B9C90 /* AddOrEditPet.View.swift */ = {isa = PBXFileReference; lastKnownFileType = sourcecode.swift; path = AddOrEditPet.View.swift; sourceTree = "<group>"; };
		B25819FA2ABD4BDE003B9C90 /* AddOrEditPet.swift */ = {isa = PBXFileReference; lastKnownFileType = sourcecode.swift; path = AddOrEditPet.swift; sourceTree = "<group>"; };
		B2581A062ABD7DF1003B9C90 /* PetDisplay.View.RKView.swift */ = {isa = PBXFileReference; lastKnownFileType = sourcecode.swift; path = PetDisplay.View.RKView.swift; sourceTree = "<group>"; };
		B2581A0E2ABE7967003B9C90 /* SimpleBounce.swift */ = {isa = PBXFileReference; lastKnownFileType = sourcecode.swift; path = SimpleBounce.swift; sourceTree = "<group>"; };
		B2581A132ABE99C2003B9C90 /* AppSystem.swift */ = {isa = PBXFileReference; lastKnownFileType = sourcecode.swift; path = AppSystem.swift; sourceTree = "<group>"; };
		B2581A162ABE99D6003B9C90 /* AppComponent.swift */ = {isa = PBXFileReference; lastKnownFileType = sourcecode.swift; path = AppComponent.swift; sourceTree = "<group>"; };
		B25F84D22AA81BA400526045 /* WaitForCloudKitDataView.swift */ = {isa = PBXFileReference; lastKnownFileType = sourcecode.swift; path = WaitForCloudKitDataView.swift; sourceTree = "<group>"; };
		B25F84D62AA909DB00526045 /* Styles.swift */ = {isa = PBXFileReference; lastKnownFileType = sourcecode.swift; path = Styles.swift; sourceTree = "<group>"; };
		B25F84E52AA9287E00526045 /* ErrorFeature.View.swift */ = {isa = PBXFileReference; lastKnownFileType = sourcecode.swift; path = ErrorFeature.View.swift; sourceTree = "<group>"; };
		B25F84E82AA932AA00526045 /* keepers-together.entitlements */ = {isa = PBXFileReference; fileEncoding = 4; lastKnownFileType = text.plist.entitlements; path = "keepers-together.entitlements"; sourceTree = "<group>"; };
		B275EC7E2AD729AD00791AC0 /* PetRuntime.Cached.swift */ = {isa = PBXFileReference; lastKnownFileType = sourcecode.swift; path = PetRuntime.Cached.swift; sourceTree = "<group>"; };
		B28607B92AD242670011286D /* WaitForLoad.swift */ = {isa = PBXFileReference; lastKnownFileType = sourcecode.swift; path = WaitForLoad.swift; sourceTree = "<group>"; };
		B28607BC2AD244830011286D /* WaitForLoad.View.swift */ = {isa = PBXFileReference; lastKnownFileType = sourcecode.swift; path = WaitForLoad.View.swift; sourceTree = "<group>"; };
		B28607BF2AD247760011286D /* ErrorFeature.swift */ = {isa = PBXFileReference; lastKnownFileType = sourcecode.swift; path = ErrorFeature.swift; sourceTree = "<group>"; };
		B293EB132ABCFAE500ADB49A /* PetDisplay.View.swift */ = {isa = PBXFileReference; lastKnownFileType = sourcecode.swift; path = PetDisplay.View.swift; sourceTree = "<group>"; };
		B293EB152ABCFC8C00ADB49A /* PetDisplay.swift */ = {isa = PBXFileReference; lastKnownFileType = sourcecode.swift; path = PetDisplay.swift; sourceTree = "<group>"; };
		B2A4C48B2ADBBE5800535C18 /* VariableMicroSystem.swift */ = {isa = PBXFileReference; lastKnownFileType = sourcecode.swift; path = VariableMicroSystem.swift; sourceTree = "<group>"; };
		B2AD3F842ACBA201003BEB9F /* Record.swift */ = {isa = PBXFileReference; lastKnownFileType = sourcecode.swift; path = Record.swift; sourceTree = "<group>"; };
		B2B173DB2AC25D29002AA2D0 /* TextDisplay.View.swift */ = {isa = PBXFileReference; lastKnownFileType = sourcecode.swift; path = TextDisplay.View.swift; sourceTree = "<group>"; };
		B2B51A0A2AAC4BDF0024E3BA /* AudioSettings.swift */ = {isa = PBXFileReference; lastKnownFileType = sourcecode.swift; path = AudioSettings.swift; sourceTree = "<group>"; };
		B2B51A0E2AAC55CE0024E3BA /* mainApp.swift */ = {isa = PBXFileReference; lastKnownFileType = sourcecode.swift; path = mainApp.swift; sourceTree = "<group>"; };
		B2B51A112AAC56260024E3BA /* Root.View.swift */ = {isa = PBXFileReference; lastKnownFileType = sourcecode.swift; path = Root.View.swift; sourceTree = "<group>"; };
		B2D902942AD1F56D00BE02BF /* PetRuntime.Naive.swift */ = {isa = PBXFileReference; lastKnownFileType = sourcecode.swift; path = PetRuntime.Naive.swift; sourceTree = "<group>"; };
		B2D958542AD5385300D9408E /* PetRuntimeDebug.swift */ = {isa = PBXFileReference; lastKnownFileType = sourcecode.swift; path = PetRuntimeDebug.swift; sourceTree = "<group>"; };
		B2D958572AD53E1C00D9408E /* PetRuntimeDebug.View.swift */ = {isa = PBXFileReference; lastKnownFileType = sourcecode.swift; path = PetRuntimeDebug.View.swift; sourceTree = "<group>"; };
		B2EC9FF82AABAC630005D0AB /* Root.swift */ = {isa = PBXFileReference; lastKnownFileType = sourcecode.swift; path = Root.swift; sourceTree = "<group>"; };
		B2F9B4E22AAD653C0070E4E3 /* ViewExtensions.swift */ = {isa = PBXFileReference; lastKnownFileType = sourcecode.swift; path = ViewExtensions.swift; sourceTree = "<group>"; };
		B2F9B4E62AAD6C0E0070E4E3 /* UserPreferencesClient.swift */ = {isa = PBXFileReference; lastKnownFileType = sourcecode.swift; path = UserPreferencesClient.swift; sourceTree = "<group>"; };
		B2F9B4E92AAD6C6E0070E4E3 /* AudioPlayerClient.swift */ = {isa = PBXFileReference; lastKnownFileType = sourcecode.swift; path = AudioPlayerClient.swift; sourceTree = "<group>"; };
		B2F9B4EC2AAD6CB00070E4E3 /* LoggerClient.swift */ = {isa = PBXFileReference; lastKnownFileType = sourcecode.swift; path = LoggerClient.swift; sourceTree = "<group>"; };
		B2F9B4EF2AAD6D580070E4E3 /* PersistentModelContext.swift */ = {isa = PBXFileReference; lastKnownFileType = sourcecode.swift; path = PersistentModelContext.swift; sourceTree = "<group>"; };
		B2F9B4F22AAD75490070E4E3 /* AudioSettings.View.swift */ = {isa = PBXFileReference; lastKnownFileType = sourcecode.swift; path = AudioSettings.View.swift; sourceTree = "<group>"; };
		B2F9B4F62AAD92280070E4E3 /* PetList.View.swift */ = {isa = PBXFileReference; lastKnownFileType = sourcecode.swift; path = PetList.View.swift; sourceTree = "<group>"; };
		B2F9B4F82AAD92B80070E4E3 /* PetsList.swift */ = {isa = PBXFileReference; lastKnownFileType = sourcecode.swift; path = PetsList.swift; sourceTree = "<group>"; };
		B2F9B4FC2AAD99A60070E4E3 /* Creature.swift */ = {isa = PBXFileReference; lastKnownFileType = sourcecode.swift; path = Creature.swift; sourceTree = "<group>"; };
		B2F9B4FF2AAE5AEE0070E4E3 /* BindingExtensions.swift */ = {isa = PBXFileReference; lastKnownFileType = sourcecode.swift; path = BindingExtensions.swift; sourceTree = "<group>"; };
		B2F9B5052AAEDDB00070E4E3 /* TimeInvervalExtensions.swift */ = {isa = PBXFileReference; lastKnownFileType = sourcecode.swift; path = TimeInvervalExtensions.swift; sourceTree = "<group>"; };
		B2F9B5082AAEEA9C0070E4E3 /* DateExtensions.swift */ = {isa = PBXFileReference; lastKnownFileType = sourcecode.swift; path = DateExtensions.swift; sourceTree = "<group>"; };
		B2F9B50B2AB011000070E4E3 /* AppSchemas.swift */ = {isa = PBXFileReference; lastKnownFileType = sourcecode.swift; path = AppSchemas.swift; sourceTree = "<group>"; };
/* End PBXFileReference section */

/* Begin PBXFrameworksBuildPhase section */
		B217E9232AA97C1E0048C37A /* Frameworks */ = {
			isa = PBXFrameworksBuildPhase;
			buildActionMask = 2147483647;
			files = (
				B2D9029C2AD2144300BE02BF /* Marquee in Frameworks */,
				B225E78D2AD0C86F00A79539 /* SwiftPriorityQueue in Frameworks */,
				B25D88E92B17456800BF624D /* ComposableArchitecture in Frameworks */,
			);
			runOnlyForDeploymentPostprocessing = 0;
		};
		B21911842AA7A762003CE806 /* Frameworks */ = {
			isa = PBXFrameworksBuildPhase;
			buildActionMask = 2147483647;
			files = (
				B217E9362AA97CD00048C37A /* shared_packages.framework in Frameworks */,
			);
			runOnlyForDeploymentPostprocessing = 0;
		};
		B21911982AA7A764003CE806 /* Frameworks */ = {
			isa = PBXFrameworksBuildPhase;
			buildActionMask = 2147483647;
			files = (
			);
			runOnlyForDeploymentPostprocessing = 0;
		};
		B21911A22AA7A764003CE806 /* Frameworks */ = {
			isa = PBXFrameworksBuildPhase;
			buildActionMask = 2147483647;
			files = (
			);
			runOnlyForDeploymentPostprocessing = 0;
		};
		B21911BC2AA7A7EB003CE806 /* Frameworks */ = {
			isa = PBXFrameworksBuildPhase;
			buildActionMask = 2147483647;
			files = (
				B217E9312AA97CC70048C37A /* shared_packages.framework in Frameworks */,
				B21911C42AA7A7EB003CE806 /* RealityKitContent in Frameworks */,
			);
			runOnlyForDeploymentPostprocessing = 0;
		};
		B21911D22AA7A7EE003CE806 /* Frameworks */ = {
			isa = PBXFrameworksBuildPhase;
			buildActionMask = 2147483647;
			files = (
			);
			runOnlyForDeploymentPostprocessing = 0;
		};
/* End PBXFrameworksBuildPhase section */

/* Begin PBXGroup section */
		B208E59B2B0E7DFC00D2D043 /* Recovered References */ = {
			isa = PBXGroup;
			children = (
				B21E70A42AD5188C0018E8A6 /* kloppenheim_06.skybox */,
			);
			name = "Recovered References";
			sourceTree = "<group>";
		};
		B208E59C2B0E95A000D2D043 /* tca */ = {
			isa = PBXGroup;
			children = (
				B208E59F2B0F55B400D2D043 /* Root.swift */,
				B208E5A42B0F5B6600D2D043 /* Root.View.swift */,
			);
			path = tca;
			sourceTree = "<group>";
		};
		B217E9272AA97C1E0048C37A /* shared-packages */ = {
			isa = PBXGroup;
			children = (
				B217E9282AA97C1E0048C37A /* shared_packages.h */,
			);
			path = "shared-packages";
			sourceTree = "<group>";
		};
		B217E92D2AA97C700048C37A /* Frameworks */ = {
			isa = PBXGroup;
			children = (
			);
			name = Frameworks;
			sourceTree = "<group>";
		};
		B219117E2AA7A762003CE806 = {
			isa = PBXGroup;
			children = (
				B27F6E2D2AA7B0C000B90F08 /* shared */,
				B21911B92AA7A787003CE806 /* iOS */,
				B21911BA2AA7A7B0003CE806 /* visionOS */,
				B217E9272AA97C1E0048C37A /* shared-packages */,
				B21911882AA7A762003CE806 /* Products */,
				B217E92D2AA97C700048C37A /* Frameworks */,
				B208E59B2B0E7DFC00D2D043 /* Recovered References */,
			);
			sourceTree = "<group>";
		};
		B21911882AA7A762003CE806 /* Products */ = {
			isa = PBXGroup;
			children = (
				B21911872AA7A762003CE806 /* keepers.app */,
				B219119B2AA7A764003CE806 /* keepersTests.xctest */,
				B21911A52AA7A764003CE806 /* keepersUITests.xctest */,
				B21911BF2AA7A7EB003CE806 /* keepers-together.app */,
				B21911D52AA7A7EE003CE806 /* keepers:togetherTests.xctest */,
				B217E9262AA97C1E0048C37A /* shared_packages.framework */,
			);
			name = Products;
			sourceTree = "<group>";
		};
		B21911892AA7A762003CE806 /* keepers */ = {
			isa = PBXGroup;
			children = (
				B25A02ED2AD4CE6A0057DF0E /* tca */,
				B2581A0D2ABE7932003B9C90 /* ecs */,
				B25F84CA2AA7EC8A00526045 /* boilerplate */,
				B21E70A72AD519020018E8A6 /* resources */,
			);
			path = keepers;
			sourceTree = "<group>";
		};
		B21911932AA7A764003CE806 /* Preview Content */ = {
			isa = PBXGroup;
			children = (
				B21911942AA7A764003CE806 /* Preview Assets.xcassets */,
			);
			path = "Preview Content";
			sourceTree = "<group>";
		};
		B219119E2AA7A764003CE806 /* keepersTests */ = {
			isa = PBXGroup;
			children = (
				B219119F2AA7A764003CE806 /* keepersTests.swift */,
			);
			path = keepersTests;
			sourceTree = "<group>";
		};
		B21911A82AA7A764003CE806 /* keepersUITests */ = {
			isa = PBXGroup;
			children = (
				B21911A92AA7A764003CE806 /* keepersUITests.swift */,
				B21911AB2AA7A764003CE806 /* keepersUITestsLaunchTests.swift */,
			);
			path = keepersUITests;
			sourceTree = "<group>";
		};
		B21911B92AA7A787003CE806 /* iOS */ = {
			isa = PBXGroup;
			children = (
				B21911892AA7A762003CE806 /* keepers */,
				B219119E2AA7A764003CE806 /* keepersTests */,
				B21911A82AA7A764003CE806 /* keepersUITests */,
			);
			name = iOS;
			sourceTree = "<group>";
		};
		B21911BA2AA7A7B0003CE806 /* visionOS */ = {
			isa = PBXGroup;
			children = (
				B21911C02AA7A7EB003CE806 /* keepers-together */,
				B21911C12AA7A7EB003CE806 /* Packages */,
				B21911D82AA7A7EE003CE806 /* keepers-togetherTests */,
			);
			name = visionOS;
			sourceTree = "<group>";
		};
		B21911C02AA7A7EB003CE806 /* keepers-together */ = {
			isa = PBXGroup;
			children = (
				B208E59C2B0E95A000D2D043 /* tca */,
				B25F84D02AA7F2C600526045 /* views */,
				B25F84CF2AA7F2AE00526045 /* boilerplate */,
			);
			path = "keepers-together";
			sourceTree = "<group>";
		};
		B21911C12AA7A7EB003CE806 /* Packages */ = {
			isa = PBXGroup;
			children = (
				B21911C22AA7A7EB003CE806 /* RealityKitContent */,
			);
			path = Packages;
			sourceTree = "<group>";
		};
		B21911CD2AA7A7ED003CE806 /* Preview Content */ = {
			isa = PBXGroup;
			children = (
				B21911CE2AA7A7ED003CE806 /* Preview Assets.xcassets */,
			);
			path = "Preview Content";
			sourceTree = "<group>";
		};
		B21911D82AA7A7EE003CE806 /* keepers-togetherTests */ = {
			isa = PBXGroup;
			children = (
				B21911D92AA7A7EE003CE806 /* keepers_togetherTests.swift */,
			);
			path = "keepers-togetherTests";
			sourceTree = "<group>";
		};
		B21E70A32AD5186C0018E8A6 /* resources */ = {
			isa = PBXGroup;
			children = (
				B24CC1FB2AE106E4008AACCB /* models */,
			);
			path = resources;
			sourceTree = "<group>";
		};
		B21E70A72AD519020018E8A6 /* resources */ = {
			isa = PBXGroup;
			children = (
				B21E70A82AD5191E0018E8A6 /* attributions.txt */,
			);
			path = resources;
			sourceTree = "<group>";
		};
		B22491F22AD8A0B2003D8B75 /* Runtime */ = {
			isa = PBXGroup;
			children = (
				B225E7782ACE0E2E00A79539 /* PetRuntime.swift */,
				B2D902942AD1F56D00BE02BF /* PetRuntime.Naive.swift */,
				B275EC7E2AD729AD00791AC0 /* PetRuntime.Cached.swift */,
				B2A4C4842ADBBBF900535C18 /* Variables */,
			);
			path = Runtime;
			sourceTree = "<group>";
		};
		B225E7872AD0A52C00A79539 /* helpers */ = {
			isa = PBXGroup;
			children = (
				B225E7842ACFEB1B00A79539 /* GaussianDistribution.swift */,
				B225E7882AD0A56D00A79539 /* ReproducibleRandomSource.swift */,
				B25F84D62AA909DB00526045 /* Styles.swift */,
				B22491EF2AD88413003D8B75 /* WeakBox.swift */,
				B22491F62AD8AD13003D8B75 /* Clamping.swift */,
			);
			name = helpers;
			sourceTree = "<group>";
		};
		B2581A0D2ABE7932003B9C90 /* ecs */ = {
			isa = PBXGroup;
			children = (
				B2581A0E2ABE7967003B9C90 /* SimpleBounce.swift */,
			);
			path = ecs;
			sourceTree = "<group>";
		};
		B2581A122ABE99AF003B9C90 /* ecs */ = {
			isa = PBXGroup;
			children = (
				B2581A132ABE99C2003B9C90 /* AppSystem.swift */,
				B2581A162ABE99D6003B9C90 /* AppComponent.swift */,
			);
			path = ecs;
			sourceTree = "<group>";
		};
		B25A02ED2AD4CE6A0057DF0E /* tca */ = {
			isa = PBXGroup;
			children = (
				B2EC9FF82AABAC630005D0AB /* Root.swift */,
				B2B51A112AAC56260024E3BA /* Root.View.swift */,
				B2F9B4F82AAD92B80070E4E3 /* PetsList.swift */,
				B2F9B4F62AAD92280070E4E3 /* PetList.View.swift */,
				B293EB152ABCFC8C00ADB49A /* PetDisplay.swift */,
				B293EB132ABCFAE500ADB49A /* PetDisplay.View.swift */,
				B2581A062ABD7DF1003B9C90 /* PetDisplay.View.RKView.swift */,
			);
			path = tca;
			sourceTree = "<group>";
		};
		B25A02EE2AD503510057DF0E /* tca */ = {
			isa = PBXGroup;
			children = (
				B2B51A0A2AAC4BDF0024E3BA /* AudioSettings.swift */,
				B2F9B4F22AAD75490070E4E3 /* AudioSettings.View.swift */,
				B25819FA2ABD4BDE003B9C90 /* AddOrEditPet.swift */,
				B25819F72ABD4B5F003B9C90 /* AddOrEditPet.View.swift */,
				B2D958542AD5385300D9408E /* PetRuntimeDebug.swift */,
				B2D958572AD53E1C00D9408E /* PetRuntimeDebug.View.swift */,
				B25A02F02AD5055F0057DF0E /* nonspecific */,
			);
			path = tca;
			sourceTree = "<group>";
		};
		B25A02F02AD5055F0057DF0E /* nonspecific */ = {
			isa = PBXGroup;
			children = (
				B28607BF2AD247760011286D /* ErrorFeature.swift */,
				B25F84E52AA9287E00526045 /* ErrorFeature.View.swift */,
				B28607B92AD242670011286D /* WaitForLoad.swift */,
				B28607BC2AD244830011286D /* WaitForLoad.View.swift */,
				B21F34132AC1526A00175652 /* TextDisplay.swift */,
				B2B173DB2AC25D29002AA2D0 /* TextDisplay.View.swift */,
			);
			name = nonspecific;
			sourceTree = "<group>";
		};
		B25F84CA2AA7EC8A00526045 /* boilerplate */ = {
			isa = PBXGroup;
			children = (
				B2B51A0E2AAC55CE0024E3BA /* mainApp.swift */,
				B21911902AA7A764003CE806 /* Assets.xcassets */,
				B21911922AA7A764003CE806 /* keepers.entitlements */,
				B21911962AA7A764003CE806 /* Info.plist */,
				B21911932AA7A764003CE806 /* Preview Content */,
			);
			name = boilerplate;
			sourceTree = "<group>";
		};
		B25F84CF2AA7F2AE00526045 /* boilerplate */ = {
			isa = PBXGroup;
			children = (
				B21911C52AA7A7EB003CE806 /* mainApp.swift */,
				B25F84E82AA932AA00526045 /* keepers-together.entitlements */,
				B21911CB2AA7A7ED003CE806 /* Assets.xcassets */,
				B21911D02AA7A7ED003CE806 /* Info.plist */,
				B21911CD2AA7A7ED003CE806 /* Preview Content */,
			);
			name = boilerplate;
			sourceTree = "<group>";
		};
		B25F84D02AA7F2C600526045 /* views */ = {
			isa = PBXGroup;
			children = (
				B21911C72AA7A7EB003CE806 /* ContentView.swift */,
				B21911C92AA7A7EB003CE806 /* ImmersiveView.swift */,
			);
			path = views;
			sourceTree = "<group>";
		};
		B25F84D12AA81B4000526045 /* views_deprecated */ = {
			isa = PBXGroup;
			children = (
				B25F84D22AA81BA400526045 /* WaitForCloudKitDataView.swift */,
			);
			path = views_deprecated;
			sourceTree = "<group>";
		};
		B27F6E2D2AA7B0C000B90F08 /* shared */ = {
			isa = PBXGroup;
			children = (
				B25A02EE2AD503510057DF0E /* tca */,
				B2F9B4E52AAD6BE80070E4E3 /* tca.dependencies */,
				B2581A122ABE99AF003B9C90 /* ecs */,
				B2F9B4E12AAD65140070E4E3 /* extensions */,
				B21E70A32AD5186C0018E8A6 /* resources */,
				B25F84D12AA81B4000526045 /* views_deprecated */,
			);
			path = shared;
			sourceTree = "<group>";
		};
		B2A4C4842ADBBBF900535C18 /* Variables */ = {
			isa = PBXGroup;
			children = (
				B2A4C48B2ADBBE5800535C18 /* VariableMicroSystem.swift */,
				B23C41852ADF4A0C001750A6 /* Fullness.swift */,
			);
			name = Variables;
			sourceTree = "<group>";
		};
		B2F9B4E12AAD65140070E4E3 /* extensions */ = {
			isa = PBXGroup;
			children = (
				B225E7872AD0A52C00A79539 /* helpers */,
				B2F9B4E22AAD653C0070E4E3 /* ViewExtensions.swift */,
				B2F9B4FF2AAE5AEE0070E4E3 /* BindingExtensions.swift */,
				B2F9B5052AAEDDB00070E4E3 /* TimeInvervalExtensions.swift */,
				B2F9B5082AAEEA9C0070E4E3 /* DateExtensions.swift */,
				B25819F32ABD2B2A003B9C90 /* UIColorExtensions.swift */,
				B225E77E2ACE277D00A79539 /* ComparableExtensions.swift */,
			);
			path = extensions;
			sourceTree = "<group>";
		};
		B2F9B4E52AAD6BE80070E4E3 /* tca.dependencies */ = {
			isa = PBXGroup;
			children = (
				B22491F22AD8A0B2003D8B75 /* Runtime */,
				B2F9B4F52AAD91770070E4E3 /* PersistentData */,
				B2F9B4E62AAD6C0E0070E4E3 /* UserPreferencesClient.swift */,
				B2F9B4E92AAD6C6E0070E4E3 /* AudioPlayerClient.swift */,
				B208E5A12B0F56FF00D2D043 /* FileReader.swift */,
				B21F34162AC15D2300175652 /* Resources.swift */,
				B2F9B4EC2AAD6CB00070E4E3 /* LoggerClient.swift */,
			);
			path = tca.dependencies;
			sourceTree = "<group>";
		};
		B2F9B4F52AAD91770070E4E3 /* PersistentData */ = {
			isa = PBXGroup;
			children = (
				B2F9B4EF2AAD6D580070E4E3 /* PersistentModelContext.swift */,
				B2F9B50B2AB011000070E4E3 /* AppSchemas.swift */,
				B2F9B4FC2AAD99A60070E4E3 /* Creature.swift */,
				B2AD3F842ACBA201003BEB9F /* Record.swift */,
			);
			path = PersistentData;
			sourceTree = "<group>";
		};
/* End PBXGroup section */

/* Begin PBXHeadersBuildPhase section */
		B217E9212AA97C1E0048C37A /* Headers */ = {
			isa = PBXHeadersBuildPhase;
			buildActionMask = 2147483647;
			files = (
				B217E9292AA97C1E0048C37A /* shared_packages.h in Headers */,
			);
			runOnlyForDeploymentPostprocessing = 0;
		};
/* End PBXHeadersBuildPhase section */

/* Begin PBXNativeTarget section */
		B217E9252AA97C1E0048C37A /* shared-packages */ = {
			isa = PBXNativeTarget;
			buildConfigurationList = B217E92A2AA97C1E0048C37A /* Build configuration list for PBXNativeTarget "shared-packages" */;
			buildPhases = (
				B217E9212AA97C1E0048C37A /* Headers */,
				B217E9222AA97C1E0048C37A /* Sources */,
				B217E9232AA97C1E0048C37A /* Frameworks */,
				B217E9242AA97C1E0048C37A /* Resources */,
			);
			buildRules = (
			);
			dependencies = (
			);
			name = "shared-packages";
			packageProductDependencies = (
				B225E78C2AD0C86F00A79539 /* SwiftPriorityQueue */,
				B2D9029B2AD2144300BE02BF /* Marquee */,
				B25D88E82B17456800BF624D /* ComposableArchitecture */,
			);
			productName = "shared-packages";
			productReference = B217E9262AA97C1E0048C37A /* shared_packages.framework */;
			productType = "com.apple.product-type.framework";
		};
		B21911862AA7A762003CE806 /* keepers */ = {
			isa = PBXNativeTarget;
			buildConfigurationList = B21911AF2AA7A764003CE806 /* Build configuration list for PBXNativeTarget "keepers" */;
			buildPhases = (
				B21911832AA7A762003CE806 /* Sources */,
				B21911842AA7A762003CE806 /* Frameworks */,
				B21911852AA7A762003CE806 /* Resources */,
				B217E93A2AA97CD00048C37A /* Embed Frameworks */,
			);
			buildRules = (
			);
			dependencies = (
				B217E9392AA97CD00048C37A /* PBXTargetDependency */,
			);
			name = keepers;
			productName = keepers;
			productReference = B21911872AA7A762003CE806 /* keepers.app */;
			productType = "com.apple.product-type.application";
		};
		B219119A2AA7A764003CE806 /* keepersTests */ = {
			isa = PBXNativeTarget;
			buildConfigurationList = B21911B22AA7A764003CE806 /* Build configuration list for PBXNativeTarget "keepersTests" */;
			buildPhases = (
				B21911972AA7A764003CE806 /* Sources */,
				B21911982AA7A764003CE806 /* Frameworks */,
				B21911992AA7A764003CE806 /* Resources */,
			);
			buildRules = (
			);
			dependencies = (
				B219119D2AA7A764003CE806 /* PBXTargetDependency */,
			);
			name = keepersTests;
			productName = keepersTests;
			productReference = B219119B2AA7A764003CE806 /* keepersTests.xctest */;
			productType = "com.apple.product-type.bundle.unit-test";
		};
		B21911A42AA7A764003CE806 /* keepersUITests */ = {
			isa = PBXNativeTarget;
			buildConfigurationList = B21911B52AA7A764003CE806 /* Build configuration list for PBXNativeTarget "keepersUITests" */;
			buildPhases = (
				B21911A12AA7A764003CE806 /* Sources */,
				B21911A22AA7A764003CE806 /* Frameworks */,
				B21911A32AA7A764003CE806 /* Resources */,
			);
			buildRules = (
			);
			dependencies = (
				B21911A72AA7A764003CE806 /* PBXTargetDependency */,
			);
			name = keepersUITests;
			productName = keepersUITests;
			productReference = B21911A52AA7A764003CE806 /* keepersUITests.xctest */;
			productType = "com.apple.product-type.bundle.ui-testing";
		};
		B21911BE2AA7A7EB003CE806 /* keepers-together */ = {
			isa = PBXNativeTarget;
			buildConfigurationList = B21911DB2AA7A7EE003CE806 /* Build configuration list for PBXNativeTarget "keepers-together" */;
			buildPhases = (
				B21911BB2AA7A7EB003CE806 /* Sources */,
				B21911BC2AA7A7EB003CE806 /* Frameworks */,
				B21911BD2AA7A7EB003CE806 /* Resources */,
				B217E9352AA97CC70048C37A /* Embed Frameworks */,
			);
			buildRules = (
			);
			dependencies = (
				B217E9342AA97CC70048C37A /* PBXTargetDependency */,
			);
			name = "keepers-together";
			packageProductDependencies = (
				B21911C32AA7A7EB003CE806 /* RealityKitContent */,
			);
			productName = "keepers:together";
			productReference = B21911BF2AA7A7EB003CE806 /* keepers-together.app */;
			productType = "com.apple.product-type.application";
		};
		B21911D42AA7A7EE003CE806 /* keepers:togetherTests */ = {
			isa = PBXNativeTarget;
			buildConfigurationList = B21911DE2AA7A7EE003CE806 /* Build configuration list for PBXNativeTarget "keepers:togetherTests" */;
			buildPhases = (
				B21911D12AA7A7EE003CE806 /* Sources */,
				B21911D22AA7A7EE003CE806 /* Frameworks */,
				B21911D32AA7A7EE003CE806 /* Resources */,
			);
			buildRules = (
			);
			dependencies = (
				B21911D72AA7A7EE003CE806 /* PBXTargetDependency */,
			);
			name = "keepers:togetherTests";
			productName = "keepers:togetherTests";
			productReference = B21911D52AA7A7EE003CE806 /* keepers:togetherTests.xctest */;
			productType = "com.apple.product-type.bundle.unit-test";
		};
/* End PBXNativeTarget section */

/* Begin PBXProject section */
		B219117F2AA7A762003CE806 /* Project object */ = {
			isa = PBXProject;
			attributes = {
				BuildIndependentTargetsInParallel = 1;
				LastSwiftUpdateCheck = 1500;
				LastUpgradeCheck = 1510;
				TargetAttributes = {
					B217E9252AA97C1E0048C37A = {
						CreatedOnToolsVersion = 15.0;
					};
					B21911862AA7A762003CE806 = {
						CreatedOnToolsVersion = 15.0;
					};
					B219119A2AA7A764003CE806 = {
						CreatedOnToolsVersion = 15.0;
						TestTargetID = B21911862AA7A762003CE806;
					};
					B21911A42AA7A764003CE806 = {
						CreatedOnToolsVersion = 15.0;
						TestTargetID = B21911862AA7A762003CE806;
					};
					B21911BE2AA7A7EB003CE806 = {
						CreatedOnToolsVersion = 15.0;
					};
					B21911D42AA7A7EE003CE806 = {
						CreatedOnToolsVersion = 15.0;
						TestTargetID = B21911BE2AA7A7EB003CE806;
					};
				};
			};
			buildConfigurationList = B21911822AA7A762003CE806 /* Build configuration list for PBXProject "keepers" */;
			compatibilityVersion = "Xcode 14.0";
			developmentRegion = en;
			hasScannedForEncodings = 0;
			knownRegions = (
				en,
				Base,
			);
			mainGroup = B219117E2AA7A762003CE806;
			packageReferences = (
				B217E9202AA97BEB0048C37A /* XCRemoteSwiftPackageReference "swift-composable-architecture" */,
				B225E78B2AD0C86F00A79539 /* XCRemoteSwiftPackageReference "SwiftPriorityQueue" */,
				B2D9029A2AD2144300BE02BF /* XCRemoteSwiftPackageReference "Marquee" */,
			);
			productRefGroup = B21911882AA7A762003CE806 /* Products */;
			projectDirPath = "";
			projectRoot = "";
			targets = (
				B21911862AA7A762003CE806 /* keepers */,
				B219119A2AA7A764003CE806 /* keepersTests */,
				B21911A42AA7A764003CE806 /* keepersUITests */,
				B21911BE2AA7A7EB003CE806 /* keepers-together */,
				B21911D42AA7A7EE003CE806 /* keepers:togetherTests */,
				B217E9252AA97C1E0048C37A /* shared-packages */,
			);
		};
/* End PBXProject section */

/* Begin PBXResourcesBuildPhase section */
		B217E9242AA97C1E0048C37A /* Resources */ = {
			isa = PBXResourcesBuildPhase;
			buildActionMask = 2147483647;
			files = (
			);
			runOnlyForDeploymentPostprocessing = 0;
		};
		B21911852AA7A762003CE806 /* Resources */ = {
			isa = PBXResourcesBuildPhase;
			buildActionMask = 2147483647;
			files = (
				B24CC1FC2AE106E4008AACCB /* models in Resources */,
				B21911952AA7A764003CE806 /* Preview Assets.xcassets in Resources */,
				B21E70A92AD5191E0018E8A6 /* attributions.txt in Resources */,
				B21911912AA7A764003CE806 /* Assets.xcassets in Resources */,
			);
			runOnlyForDeploymentPostprocessing = 0;
		};
		B21911992AA7A764003CE806 /* Resources */ = {
			isa = PBXResourcesBuildPhase;
			buildActionMask = 2147483647;
			files = (
			);
			runOnlyForDeploymentPostprocessing = 0;
		};
		B21911A32AA7A764003CE806 /* Resources */ = {
			isa = PBXResourcesBuildPhase;
			buildActionMask = 2147483647;
			files = (
			);
			runOnlyForDeploymentPostprocessing = 0;
		};
		B21911BD2AA7A7EB003CE806 /* Resources */ = {
			isa = PBXResourcesBuildPhase;
			buildActionMask = 2147483647;
			files = (
				B21911CF2AA7A7ED003CE806 /* Preview Assets.xcassets in Resources */,
				B21911CC2AA7A7ED003CE806 /* Assets.xcassets in Resources */,
				B24CC1FD2AE106E4008AACCB /* models in Resources */,
			);
			runOnlyForDeploymentPostprocessing = 0;
		};
		B21911D32AA7A7EE003CE806 /* Resources */ = {
			isa = PBXResourcesBuildPhase;
			buildActionMask = 2147483647;
			files = (
			);
			runOnlyForDeploymentPostprocessing = 0;
		};
/* End PBXResourcesBuildPhase section */

/* Begin PBXSourcesBuildPhase section */
		B217E9222AA97C1E0048C37A /* Sources */ = {
			isa = PBXSourcesBuildPhase;
			buildActionMask = 2147483647;
			files = (
			);
			runOnlyForDeploymentPostprocessing = 0;
		};
		B21911832AA7A762003CE806 /* Sources */ = {
			isa = PBXSourcesBuildPhase;
			buildActionMask = 2147483647;
			files = (
				B2F9B4EA2AAD6C6E0070E4E3 /* AudioPlayerClient.swift in Sources */,
				B2F9B5092AAEEA9C0070E4E3 /* DateExtensions.swift in Sources */,
				B2F9B5002AAE5AEE0070E4E3 /* BindingExtensions.swift in Sources */,
				B2AD3F852ACBA201003BEB9F /* Record.swift in Sources */,
				B225E7792ACE0E2E00A79539 /* PetRuntime.swift in Sources */,
				B23C41862ADF4A0C001750A6 /* Fullness.swift in Sources */,
				B2EC9FF92AABAC630005D0AB /* Root.swift in Sources */,
				B225E7852ACFEB1B00A79539 /* GaussianDistribution.swift in Sources */,
				B225E7892AD0A56D00A79539 /* ReproducibleRandomSource.swift in Sources */,
				B2B51A0B2AAC4BDF0024E3BA /* AudioSettings.swift in Sources */,
				B2581A172ABE99D6003B9C90 /* AppComponent.swift in Sources */,
				B2B51A0F2AAC55CE0024E3BA /* mainApp.swift in Sources */,
				B2F9B4F32AAD75490070E4E3 /* AudioSettings.View.swift in Sources */,
				B28607BA2AD242670011286D /* WaitForLoad.swift in Sources */,
				B293EB142ABCFAE500ADB49A /* PetDisplay.View.swift in Sources */,
				B2F9B4E72AAD6C0E0070E4E3 /* UserPreferencesClient.swift in Sources */,
				B2F9B50C2AB011000070E4E3 /* AppSchemas.swift in Sources */,
				B293EB162ABCFC8C00ADB49A /* PetDisplay.swift in Sources */,
				B25819FB2ABD4BDE003B9C90 /* AddOrEditPet.swift in Sources */,
				B2F9B4F02AAD6D580070E4E3 /* PersistentModelContext.swift in Sources */,
				B2F9B5062AAEDDB00070E4E3 /* TimeInvervalExtensions.swift in Sources */,
				B21F34142AC1526A00175652 /* TextDisplay.swift in Sources */,
				B2581A072ABD7DF1003B9C90 /* PetDisplay.View.RKView.swift in Sources */,
				B25F84D32AA81BA400526045 /* WaitForCloudKitDataView.swift in Sources */,
				B2581A0F2ABE7967003B9C90 /* SimpleBounce.swift in Sources */,
				B2D902952AD1F56D00BE02BF /* PetRuntime.Naive.swift in Sources */,
				B275EC7F2AD729AD00791AC0 /* PetRuntime.Cached.swift in Sources */,
				B225E77F2ACE277D00A79539 /* ComparableExtensions.swift in Sources */,
				B2F9B4FD2AAD99A60070E4E3 /* Creature.swift in Sources */,
				B25819F42ABD2B2A003B9C90 /* UIColorExtensions.swift in Sources */,
				B22491F72AD8AD13003D8B75 /* Clamping.swift in Sources */,
				B2F9B4ED2AAD6CB00070E4E3 /* LoggerClient.swift in Sources */,
				B2B173DC2AC25D29002AA2D0 /* TextDisplay.View.swift in Sources */,
				B2F9B4F92AAD92B80070E4E3 /* PetsList.swift in Sources */,
				B28607BD2AD244830011286D /* WaitForLoad.View.swift in Sources */,
				B21F34172AC15D2300175652 /* Resources.swift in Sources */,
				B2581A142ABE99C2003B9C90 /* AppSystem.swift in Sources */,
				B208E5A22B0F56FF00D2D043 /* FileReader.swift in Sources */,
				B22491F02AD88413003D8B75 /* WeakBox.swift in Sources */,
				B2A4C48C2ADBBE5800535C18 /* VariableMicroSystem.swift in Sources */,
				B25F84D72AA909DB00526045 /* Styles.swift in Sources */,
				B28607C02AD247760011286D /* ErrorFeature.swift in Sources */,
				B2D958552AD5385300D9408E /* PetRuntimeDebug.swift in Sources */,
				B2B51A122AAC56260024E3BA /* Root.View.swift in Sources */,
				B25F84E62AA9287E00526045 /* ErrorFeature.View.swift in Sources */,
				B2D958582AD53E1C00D9408E /* PetRuntimeDebug.View.swift in Sources */,
				B25819F82ABD4B5F003B9C90 /* AddOrEditPet.View.swift in Sources */,
				B2F9B4E32AAD653C0070E4E3 /* ViewExtensions.swift in Sources */,
				B2F9B4F72AAD92280070E4E3 /* PetList.View.swift in Sources */,
			);
			runOnlyForDeploymentPostprocessing = 0;
		};
		B21911972AA7A764003CE806 /* Sources */ = {
			isa = PBXSourcesBuildPhase;
			buildActionMask = 2147483647;
			files = (
				B21911A02AA7A764003CE806 /* keepersTests.swift in Sources */,
			);
			runOnlyForDeploymentPostprocessing = 0;
		};
		B21911A12AA7A764003CE806 /* Sources */ = {
			isa = PBXSourcesBuildPhase;
			buildActionMask = 2147483647;
			files = (
				B21911AC2AA7A764003CE806 /* keepersUITestsLaunchTests.swift in Sources */,
				B21911AA2AA7A764003CE806 /* keepersUITests.swift in Sources */,
			);
			runOnlyForDeploymentPostprocessing = 0;
		};
		B21911BB2AA7A7EB003CE806 /* Sources */ = {
			isa = PBXSourcesBuildPhase;
			buildActionMask = 2147483647;
			files = (
				B2D958562AD5385300D9408E /* PetRuntimeDebug.swift in Sources */,
				B208E5A52B0F5B6600D2D043 /* Root.View.swift in Sources */,
				B2F9B50D2AB011000070E4E3 /* AppSchemas.swift in Sources */,
				B2F9B4EB2AAD6C6E0070E4E3 /* AudioPlayerClient.swift in Sources */,
				B225E77A2ACE0E2E00A79539 /* PetRuntime.swift in Sources */,
				B25819F92ABD4B5F003B9C90 /* AddOrEditPet.View.swift in Sources */,
				B25F84D82AA909DB00526045 /* Styles.swift in Sources */,
				B25F84D92AA909E100526045 /* WaitForCloudKitDataView.swift in Sources */,
				B2D902962AD1F56D00BE02BF /* PetRuntime.Naive.swift in Sources */,
				B21911C82AA7A7EB003CE806 /* ContentView.swift in Sources */,
				B28607BB2AD242670011286D /* WaitForLoad.swift in Sources */,
				B28607C12AD247760011286D /* ErrorFeature.swift in Sources */,
				B225E7802ACE277D00A79539 /* ComparableExtensions.swift in Sources */,
				B2AD3F862ACBA201003BEB9F /* Record.swift in Sources */,
				B208E5A02B0F55B400D2D043 /* Root.swift in Sources */,
				B2D958592AD53E1C00D9408E /* PetRuntimeDebug.View.swift in Sources */,
				B25819FC2ABD4BDE003B9C90 /* AddOrEditPet.swift in Sources */,
				B2581A152ABE99C2003B9C90 /* AppSystem.swift in Sources */,
				B25A02EF2AD503B20057DF0E /* AudioSettings.View.swift in Sources */,
				B2B51A0C2AAC4BDF0024E3BA /* AudioSettings.swift in Sources */,
				B21F34182AC15D2300175652 /* Resources.swift in Sources */,
				B2581A182ABE99D6003B9C90 /* AppComponent.swift in Sources */,
				B22491F12AD88413003D8B75 /* WeakBox.swift in Sources */,
				B2F9B4E82AAD6C0E0070E4E3 /* UserPreferencesClient.swift in Sources */,
				B2F9B4EE2AAD6CB00070E4E3 /* LoggerClient.swift in Sources */,
				B2F9B5012AAE5AEE0070E4E3 /* BindingExtensions.swift in Sources */,
				B22491F82AD8AD13003D8B75 /* Clamping.swift in Sources */,
				B21F34152AC1526A00175652 /* TextDisplay.swift in Sources */,
				B208E5A32B0F56FF00D2D043 /* FileReader.swift in Sources */,
				B25819F52ABD2B2A003B9C90 /* UIColorExtensions.swift in Sources */,
				B2A4C48D2ADBBE5800535C18 /* VariableMicroSystem.swift in Sources */,
				B28607BE2AD244830011286D /* WaitForLoad.View.swift in Sources */,
				B2F9B4E42AAD653C0070E4E3 /* ViewExtensions.swift in Sources */,
				B2B173DD2AC25D29002AA2D0 /* TextDisplay.View.swift in Sources */,
				B21911C62AA7A7EB003CE806 /* mainApp.swift in Sources */,
				B2F9B4FE2AAD99A60070E4E3 /* Creature.swift in Sources */,
				B25F84E72AA9287E00526045 /* ErrorFeature.View.swift in Sources */,
				B2F9B5072AAEDDB00070E4E3 /* TimeInvervalExtensions.swift in Sources */,
				B23C41872ADF4A0C001750A6 /* Fullness.swift in Sources */,
				B225E78A2AD0A56D00A79539 /* ReproducibleRandomSource.swift in Sources */,
				B2F9B50A2AAEEA9C0070E4E3 /* DateExtensions.swift in Sources */,
				B21911CA2AA7A7EB003CE806 /* ImmersiveView.swift in Sources */,
				B275EC802AD729AD00791AC0 /* PetRuntime.Cached.swift in Sources */,
				B225E7862ACFEB1B00A79539 /* GaussianDistribution.swift in Sources */,
				B2F9B4F12AAD6D580070E4E3 /* PersistentModelContext.swift in Sources */,
			);
			runOnlyForDeploymentPostprocessing = 0;
		};
		B21911D12AA7A7EE003CE806 /* Sources */ = {
			isa = PBXSourcesBuildPhase;
			buildActionMask = 2147483647;
			files = (
				B21911DA2AA7A7EE003CE806 /* keepers_togetherTests.swift in Sources */,
			);
			runOnlyForDeploymentPostprocessing = 0;
		};
/* End PBXSourcesBuildPhase section */

/* Begin PBXTargetDependency section */
		B217E9342AA97CC70048C37A /* PBXTargetDependency */ = {
			isa = PBXTargetDependency;
			target = B217E9252AA97C1E0048C37A /* shared-packages */;
			targetProxy = B217E9332AA97CC70048C37A /* PBXContainerItemProxy */;
		};
		B217E9392AA97CD00048C37A /* PBXTargetDependency */ = {
			isa = PBXTargetDependency;
			target = B217E9252AA97C1E0048C37A /* shared-packages */;
			targetProxy = B217E9382AA97CD00048C37A /* PBXContainerItemProxy */;
		};
		B219119D2AA7A764003CE806 /* PBXTargetDependency */ = {
			isa = PBXTargetDependency;
			target = B21911862AA7A762003CE806 /* keepers */;
			targetProxy = B219119C2AA7A764003CE806 /* PBXContainerItemProxy */;
		};
		B21911A72AA7A764003CE806 /* PBXTargetDependency */ = {
			isa = PBXTargetDependency;
			target = B21911862AA7A762003CE806 /* keepers */;
			targetProxy = B21911A62AA7A764003CE806 /* PBXContainerItemProxy */;
		};
		B21911D72AA7A7EE003CE806 /* PBXTargetDependency */ = {
			isa = PBXTargetDependency;
			target = B21911BE2AA7A7EB003CE806 /* keepers-together */;
			targetProxy = B21911D62AA7A7EE003CE806 /* PBXContainerItemProxy */;
		};
/* End PBXTargetDependency section */

/* Begin XCBuildConfiguration section */
		B217E92B2AA97C1E0048C37A /* Debug */ = {
			isa = XCBuildConfiguration;
			buildSettings = {
				CODE_SIGN_IDENTITY = "";
				CODE_SIGN_STYLE = Automatic;
				CURRENT_PROJECT_VERSION = 1;
				DEAD_CODE_STRIPPING = YES;
				DEFINES_MODULE = YES;
				DEVELOPMENT_TEAM = QLUG646V84;
				DYLIB_COMPATIBILITY_VERSION = 1;
				DYLIB_CURRENT_VERSION = 1;
				DYLIB_INSTALL_NAME_BASE = "@rpath";
				ENABLE_MODULE_VERIFIER = YES;
				GENERATE_INFOPLIST_FILE = YES;
				INFOPLIST_KEY_NSHumanReadableCopyright = "";
				INSTALL_PATH = "$(LOCAL_LIBRARY_DIR)/Frameworks";
				IPHONEOS_DEPLOYMENT_TARGET = 17.0;
				LD_RUNPATH_SEARCH_PATHS = (
					"@executable_path/Frameworks",
					"@loader_path/Frameworks",
				);
				"LD_RUNPATH_SEARCH_PATHS[sdk=macosx*]" = (
					"@executable_path/../Frameworks",
					"@loader_path/Frameworks",
				);
				MACOSX_DEPLOYMENT_TARGET = 13.5;
				MARKETING_VERSION = 1.0;
				MODULE_VERIFIER_SUPPORTED_LANGUAGES = "objective-c objective-c++";
				MODULE_VERIFIER_SUPPORTED_LANGUAGE_STANDARDS = "gnu17 gnu++20";
				PRODUCT_BUNDLE_IDENTIFIER = "com.nth.shared-packages";
				PRODUCT_NAME = "$(TARGET_NAME:c99extidentifier)";
				SDKROOT = auto;
				SKIP_INSTALL = YES;
				SUPPORTED_PLATFORMS = "iphoneos iphonesimulator macosx xros xrsimulator";
				SUPPORTS_MACCATALYST = NO;
				SWIFT_EMIT_LOC_STRINGS = YES;
				SWIFT_VERSION = 5.0;
				TARGETED_DEVICE_FAMILY = "1,2,7";
				VERSIONING_SYSTEM = "apple-generic";
				VERSION_INFO_PREFIX = "";
			};
			name = Debug;
		};
		B217E92C2AA97C1E0048C37A /* Release */ = {
			isa = XCBuildConfiguration;
			buildSettings = {
				CODE_SIGN_IDENTITY = "";
				CODE_SIGN_STYLE = Automatic;
				CURRENT_PROJECT_VERSION = 1;
				DEAD_CODE_STRIPPING = YES;
				DEFINES_MODULE = YES;
				DEVELOPMENT_TEAM = QLUG646V84;
				DYLIB_COMPATIBILITY_VERSION = 1;
				DYLIB_CURRENT_VERSION = 1;
				DYLIB_INSTALL_NAME_BASE = "@rpath";
				ENABLE_MODULE_VERIFIER = YES;
				GENERATE_INFOPLIST_FILE = YES;
				INFOPLIST_KEY_NSHumanReadableCopyright = "";
				INSTALL_PATH = "$(LOCAL_LIBRARY_DIR)/Frameworks";
				IPHONEOS_DEPLOYMENT_TARGET = 17.0;
				LD_RUNPATH_SEARCH_PATHS = (
					"@executable_path/Frameworks",
					"@loader_path/Frameworks",
				);
				"LD_RUNPATH_SEARCH_PATHS[sdk=macosx*]" = (
					"@executable_path/../Frameworks",
					"@loader_path/Frameworks",
				);
				MACOSX_DEPLOYMENT_TARGET = 13.5;
				MARKETING_VERSION = 1.0;
				MODULE_VERIFIER_SUPPORTED_LANGUAGES = "objective-c objective-c++";
				MODULE_VERIFIER_SUPPORTED_LANGUAGE_STANDARDS = "gnu17 gnu++20";
				PRODUCT_BUNDLE_IDENTIFIER = "com.nth.shared-packages";
				PRODUCT_NAME = "$(TARGET_NAME:c99extidentifier)";
				SDKROOT = auto;
				SKIP_INSTALL = YES;
				SUPPORTED_PLATFORMS = "iphoneos iphonesimulator macosx xros xrsimulator";
				SUPPORTS_MACCATALYST = NO;
				SWIFT_EMIT_LOC_STRINGS = YES;
				SWIFT_VERSION = 5.0;
				TARGETED_DEVICE_FAMILY = "1,2,7";
				VERSIONING_SYSTEM = "apple-generic";
				VERSION_INFO_PREFIX = "";
			};
			name = Release;
		};
		B21911AD2AA7A764003CE806 /* Debug */ = {
			isa = XCBuildConfiguration;
			buildSettings = {
				ALWAYS_SEARCH_USER_PATHS = NO;
				ASSETCATALOG_COMPILER_GENERATE_SWIFT_ASSET_SYMBOL_EXTENSIONS = YES;
				CLANG_ANALYZER_NONNULL = YES;
				CLANG_ANALYZER_NUMBER_OBJECT_CONVERSION = YES_AGGRESSIVE;
				CLANG_CXX_LANGUAGE_STANDARD = "gnu++20";
				CLANG_ENABLE_MODULES = YES;
				CLANG_ENABLE_OBJC_ARC = YES;
				CLANG_ENABLE_OBJC_WEAK = YES;
				CLANG_WARN_BLOCK_CAPTURE_AUTORELEASING = YES;
				CLANG_WARN_BOOL_CONVERSION = YES;
				CLANG_WARN_COMMA = YES;
				CLANG_WARN_CONSTANT_CONVERSION = YES;
				CLANG_WARN_DEPRECATED_OBJC_IMPLEMENTATIONS = YES;
				CLANG_WARN_DIRECT_OBJC_ISA_USAGE = YES_ERROR;
				CLANG_WARN_DOCUMENTATION_COMMENTS = YES;
				CLANG_WARN_EMPTY_BODY = YES;
				CLANG_WARN_ENUM_CONVERSION = YES;
				CLANG_WARN_INFINITE_RECURSION = YES;
				CLANG_WARN_INT_CONVERSION = YES;
				CLANG_WARN_NON_LITERAL_NULL_CONVERSION = YES;
				CLANG_WARN_OBJC_IMPLICIT_RETAIN_SELF = YES;
				CLANG_WARN_OBJC_LITERAL_CONVERSION = YES;
				CLANG_WARN_OBJC_ROOT_CLASS = YES_ERROR;
				CLANG_WARN_QUOTED_INCLUDE_IN_FRAMEWORK_HEADER = YES;
				CLANG_WARN_RANGE_LOOP_ANALYSIS = YES;
				CLANG_WARN_STRICT_PROTOTYPES = YES;
				CLANG_WARN_SUSPICIOUS_MOVE = YES;
				CLANG_WARN_UNGUARDED_AVAILABILITY = YES_AGGRESSIVE;
				CLANG_WARN_UNREACHABLE_CODE = YES;
				CLANG_WARN__DUPLICATE_METHOD_MATCH = YES;
				COPY_PHASE_STRIP = NO;
				DEAD_CODE_STRIPPING = YES;
				DEBUG_INFORMATION_FORMAT = dwarf;
				ENABLE_STRICT_OBJC_MSGSEND = YES;
				ENABLE_TESTABILITY = YES;
				ENABLE_USER_SCRIPT_SANDBOXING = YES;
				GCC_C_LANGUAGE_STANDARD = gnu17;
				GCC_DYNAMIC_NO_PIC = NO;
				GCC_NO_COMMON_BLOCKS = YES;
				GCC_OPTIMIZATION_LEVEL = 0;
				GCC_PREPROCESSOR_DEFINITIONS = (
					"DEBUG=1",
					"$(inherited)",
				);
				GCC_WARN_64_TO_32_BIT_CONVERSION = YES;
				GCC_WARN_ABOUT_RETURN_TYPE = YES_ERROR;
				GCC_WARN_UNDECLARED_SELECTOR = YES;
				GCC_WARN_UNINITIALIZED_AUTOS = YES_AGGRESSIVE;
				GCC_WARN_UNUSED_FUNCTION = YES;
				GCC_WARN_UNUSED_VARIABLE = YES;
				LOCALIZATION_PREFERS_STRING_CATALOGS = YES;
				MTL_ENABLE_DEBUG_INFO = INCLUDE_SOURCE;
				MTL_FAST_MATH = YES;
				ONLY_ACTIVE_ARCH = YES;
				SWIFT_ACTIVE_COMPILATION_CONDITIONS = "DEBUG $(inherited)";
				SWIFT_OPTIMIZATION_LEVEL = "-Onone";
			};
			name = Debug;
		};
		B21911AE2AA7A764003CE806 /* Release */ = {
			isa = XCBuildConfiguration;
			buildSettings = {
				ALWAYS_SEARCH_USER_PATHS = NO;
				ASSETCATALOG_COMPILER_GENERATE_SWIFT_ASSET_SYMBOL_EXTENSIONS = YES;
				CLANG_ANALYZER_NONNULL = YES;
				CLANG_ANALYZER_NUMBER_OBJECT_CONVERSION = YES_AGGRESSIVE;
				CLANG_CXX_LANGUAGE_STANDARD = "gnu++20";
				CLANG_ENABLE_MODULES = YES;
				CLANG_ENABLE_OBJC_ARC = YES;
				CLANG_ENABLE_OBJC_WEAK = YES;
				CLANG_WARN_BLOCK_CAPTURE_AUTORELEASING = YES;
				CLANG_WARN_BOOL_CONVERSION = YES;
				CLANG_WARN_COMMA = YES;
				CLANG_WARN_CONSTANT_CONVERSION = YES;
				CLANG_WARN_DEPRECATED_OBJC_IMPLEMENTATIONS = YES;
				CLANG_WARN_DIRECT_OBJC_ISA_USAGE = YES_ERROR;
				CLANG_WARN_DOCUMENTATION_COMMENTS = YES;
				CLANG_WARN_EMPTY_BODY = YES;
				CLANG_WARN_ENUM_CONVERSION = YES;
				CLANG_WARN_INFINITE_RECURSION = YES;
				CLANG_WARN_INT_CONVERSION = YES;
				CLANG_WARN_NON_LITERAL_NULL_CONVERSION = YES;
				CLANG_WARN_OBJC_IMPLICIT_RETAIN_SELF = YES;
				CLANG_WARN_OBJC_LITERAL_CONVERSION = YES;
				CLANG_WARN_OBJC_ROOT_CLASS = YES_ERROR;
				CLANG_WARN_QUOTED_INCLUDE_IN_FRAMEWORK_HEADER = YES;
				CLANG_WARN_RANGE_LOOP_ANALYSIS = YES;
				CLANG_WARN_STRICT_PROTOTYPES = YES;
				CLANG_WARN_SUSPICIOUS_MOVE = YES;
				CLANG_WARN_UNGUARDED_AVAILABILITY = YES_AGGRESSIVE;
				CLANG_WARN_UNREACHABLE_CODE = YES;
				CLANG_WARN__DUPLICATE_METHOD_MATCH = YES;
				COPY_PHASE_STRIP = NO;
				DEAD_CODE_STRIPPING = YES;
				DEBUG_INFORMATION_FORMAT = "dwarf-with-dsym";
				ENABLE_NS_ASSERTIONS = NO;
				ENABLE_STRICT_OBJC_MSGSEND = YES;
				ENABLE_USER_SCRIPT_SANDBOXING = YES;
				GCC_C_LANGUAGE_STANDARD = gnu17;
				GCC_NO_COMMON_BLOCKS = YES;
				GCC_WARN_64_TO_32_BIT_CONVERSION = YES;
				GCC_WARN_ABOUT_RETURN_TYPE = YES_ERROR;
				GCC_WARN_UNDECLARED_SELECTOR = YES;
				GCC_WARN_UNINITIALIZED_AUTOS = YES_AGGRESSIVE;
				GCC_WARN_UNUSED_FUNCTION = YES;
				GCC_WARN_UNUSED_VARIABLE = YES;
				LOCALIZATION_PREFERS_STRING_CATALOGS = YES;
				MTL_ENABLE_DEBUG_INFO = NO;
				MTL_FAST_MATH = YES;
				SWIFT_COMPILATION_MODE = wholemodule;
			};
			name = Release;
		};
		B21911B02AA7A764003CE806 /* Debug */ = {
			isa = XCBuildConfiguration;
			buildSettings = {
				ASSETCATALOG_COMPILER_APPICON_NAME = AppIcon;
				ASSETCATALOG_COMPILER_GLOBAL_ACCENT_COLOR_NAME = AccentColor;
				CODE_SIGN_ENTITLEMENTS = keepers/keepers.entitlements;
				CODE_SIGN_STYLE = Automatic;
				CURRENT_PROJECT_VERSION = 1;
				DEAD_CODE_STRIPPING = YES;
				DEVELOPMENT_ASSET_PATHS = "\"keepers/Preview Content\"";
				DEVELOPMENT_TEAM = QLUG646V84;
				ENABLE_HARDENED_RUNTIME = YES;
				ENABLE_PREVIEWS = YES;
				GENERATE_INFOPLIST_FILE = YES;
				INFOPLIST_FILE = keepers/Info.plist;
				INFOPLIST_KEY_LSApplicationCategoryType = "public.app-category.lifestyle";
				"INFOPLIST_KEY_UIApplicationSceneManifest_Generation[sdk=iphoneos*]" = YES;
				"INFOPLIST_KEY_UIApplicationSceneManifest_Generation[sdk=iphonesimulator*]" = YES;
				"INFOPLIST_KEY_UIApplicationSupportsIndirectInputEvents[sdk=iphoneos*]" = YES;
				"INFOPLIST_KEY_UIApplicationSupportsIndirectInputEvents[sdk=iphonesimulator*]" = YES;
				"INFOPLIST_KEY_UILaunchScreen_Generation[sdk=iphoneos*]" = YES;
				"INFOPLIST_KEY_UILaunchScreen_Generation[sdk=iphonesimulator*]" = YES;
				"INFOPLIST_KEY_UIStatusBarStyle[sdk=iphoneos*]" = UIStatusBarStyleDefault;
				"INFOPLIST_KEY_UIStatusBarStyle[sdk=iphonesimulator*]" = UIStatusBarStyleDefault;
				INFOPLIST_KEY_UISupportedInterfaceOrientations = "UIInterfaceOrientationLandscapeLeft UIInterfaceOrientationLandscapeRight UIInterfaceOrientationPortrait";
				INFOPLIST_KEY_UISupportedInterfaceOrientations_iPad = "UIInterfaceOrientationLandscapeLeft UIInterfaceOrientationLandscapeRight UIInterfaceOrientationPortrait UIInterfaceOrientationPortraitUpsideDown";
				IPHONEOS_DEPLOYMENT_TARGET = 17.0;
				LD_RUNPATH_SEARCH_PATHS = "@executable_path/Frameworks";
				"LD_RUNPATH_SEARCH_PATHS[sdk=macosx*]" = "@executable_path/../Frameworks";
				MACOSX_DEPLOYMENT_TARGET = 14.0;
				MARKETING_VERSION = 1.0;
				PRODUCT_BUNDLE_IDENTIFIER = com.nth.keepers;
				PRODUCT_NAME = "$(TARGET_NAME)";
				SDKROOT = auto;
				SUPPORTED_PLATFORMS = "iphoneos iphonesimulator";
				SUPPORTS_MACCATALYST = NO;
				SUPPORTS_MAC_DESIGNED_FOR_IPHONE_IPAD = YES;
				SWIFT_EMIT_LOC_STRINGS = YES;
				SWIFT_VERSION = 5.0;
				TARGETED_DEVICE_FAMILY = "1,2";
			};
			name = Debug;
		};
		B21911B12AA7A764003CE806 /* Release */ = {
			isa = XCBuildConfiguration;
			buildSettings = {
				ASSETCATALOG_COMPILER_APPICON_NAME = AppIcon;
				ASSETCATALOG_COMPILER_GLOBAL_ACCENT_COLOR_NAME = AccentColor;
				CODE_SIGN_ENTITLEMENTS = keepers/keepers.entitlements;
				CODE_SIGN_STYLE = Automatic;
				CURRENT_PROJECT_VERSION = 1;
				DEAD_CODE_STRIPPING = YES;
				DEVELOPMENT_ASSET_PATHS = "\"keepers/Preview Content\"";
				DEVELOPMENT_TEAM = QLUG646V84;
				ENABLE_HARDENED_RUNTIME = YES;
				ENABLE_PREVIEWS = YES;
				GENERATE_INFOPLIST_FILE = YES;
				INFOPLIST_FILE = keepers/Info.plist;
				INFOPLIST_KEY_LSApplicationCategoryType = "public.app-category.lifestyle";
				"INFOPLIST_KEY_UIApplicationSceneManifest_Generation[sdk=iphoneos*]" = YES;
				"INFOPLIST_KEY_UIApplicationSceneManifest_Generation[sdk=iphonesimulator*]" = YES;
				"INFOPLIST_KEY_UIApplicationSupportsIndirectInputEvents[sdk=iphoneos*]" = YES;
				"INFOPLIST_KEY_UIApplicationSupportsIndirectInputEvents[sdk=iphonesimulator*]" = YES;
				"INFOPLIST_KEY_UILaunchScreen_Generation[sdk=iphoneos*]" = YES;
				"INFOPLIST_KEY_UILaunchScreen_Generation[sdk=iphonesimulator*]" = YES;
				"INFOPLIST_KEY_UIStatusBarStyle[sdk=iphoneos*]" = UIStatusBarStyleDefault;
				"INFOPLIST_KEY_UIStatusBarStyle[sdk=iphonesimulator*]" = UIStatusBarStyleDefault;
				INFOPLIST_KEY_UISupportedInterfaceOrientations = "UIInterfaceOrientationLandscapeLeft UIInterfaceOrientationLandscapeRight UIInterfaceOrientationPortrait";
				INFOPLIST_KEY_UISupportedInterfaceOrientations_iPad = "UIInterfaceOrientationLandscapeLeft UIInterfaceOrientationLandscapeRight UIInterfaceOrientationPortrait UIInterfaceOrientationPortraitUpsideDown";
				IPHONEOS_DEPLOYMENT_TARGET = 17.0;
				LD_RUNPATH_SEARCH_PATHS = "@executable_path/Frameworks";
				"LD_RUNPATH_SEARCH_PATHS[sdk=macosx*]" = "@executable_path/../Frameworks";
				MACOSX_DEPLOYMENT_TARGET = 14.0;
				MARKETING_VERSION = 1.0;
				PRODUCT_BUNDLE_IDENTIFIER = com.nth.keepers;
				PRODUCT_NAME = "$(TARGET_NAME)";
				SDKROOT = auto;
				SUPPORTED_PLATFORMS = "iphoneos iphonesimulator";
				SUPPORTS_MACCATALYST = NO;
				SUPPORTS_MAC_DESIGNED_FOR_IPHONE_IPAD = YES;
				SWIFT_EMIT_LOC_STRINGS = YES;
				SWIFT_VERSION = 5.0;
				TARGETED_DEVICE_FAMILY = "1,2";
			};
			name = Release;
		};
		B21911B32AA7A764003CE806 /* Debug */ = {
			isa = XCBuildConfiguration;
			buildSettings = {
				ALWAYS_EMBED_SWIFT_STANDARD_LIBRARIES = YES;
				BUNDLE_LOADER = "$(TEST_HOST)";
				CODE_SIGN_STYLE = Automatic;
				CURRENT_PROJECT_VERSION = 1;
				DEAD_CODE_STRIPPING = YES;
				DEVELOPMENT_TEAM = QLUG646V84;
				GENERATE_INFOPLIST_FILE = YES;
				IPHONEOS_DEPLOYMENT_TARGET = 17.0;
				MACOSX_DEPLOYMENT_TARGET = 13.5;
				MARKETING_VERSION = 1.0;
				PRODUCT_BUNDLE_IDENTIFIER = com.nth.keepersTests;
				PRODUCT_NAME = "$(TARGET_NAME)";
				SDKROOT = auto;
				SUPPORTED_PLATFORMS = "iphoneos iphonesimulator macosx";
				SWIFT_EMIT_LOC_STRINGS = NO;
				SWIFT_VERSION = 5.0;
				TARGETED_DEVICE_FAMILY = "1,2";
				TEST_HOST = "$(BUILT_PRODUCTS_DIR)/keepers.app/$(BUNDLE_EXECUTABLE_FOLDER_PATH)/keepers";
			};
			name = Debug;
		};
		B21911B42AA7A764003CE806 /* Release */ = {
			isa = XCBuildConfiguration;
			buildSettings = {
				ALWAYS_EMBED_SWIFT_STANDARD_LIBRARIES = YES;
				BUNDLE_LOADER = "$(TEST_HOST)";
				CODE_SIGN_STYLE = Automatic;
				CURRENT_PROJECT_VERSION = 1;
				DEAD_CODE_STRIPPING = YES;
				DEVELOPMENT_TEAM = QLUG646V84;
				GENERATE_INFOPLIST_FILE = YES;
				IPHONEOS_DEPLOYMENT_TARGET = 17.0;
				MACOSX_DEPLOYMENT_TARGET = 13.5;
				MARKETING_VERSION = 1.0;
				PRODUCT_BUNDLE_IDENTIFIER = com.nth.keepersTests;
				PRODUCT_NAME = "$(TARGET_NAME)";
				SDKROOT = auto;
				SUPPORTED_PLATFORMS = "iphoneos iphonesimulator macosx";
				SWIFT_EMIT_LOC_STRINGS = NO;
				SWIFT_VERSION = 5.0;
				TARGETED_DEVICE_FAMILY = "1,2";
				TEST_HOST = "$(BUILT_PRODUCTS_DIR)/keepers.app/$(BUNDLE_EXECUTABLE_FOLDER_PATH)/keepers";
			};
			name = Release;
		};
		B21911B62AA7A764003CE806 /* Debug */ = {
			isa = XCBuildConfiguration;
			buildSettings = {
				ALWAYS_EMBED_SWIFT_STANDARD_LIBRARIES = YES;
				CODE_SIGN_STYLE = Automatic;
				CURRENT_PROJECT_VERSION = 1;
				DEAD_CODE_STRIPPING = YES;
				DEVELOPMENT_TEAM = QLUG646V84;
				GENERATE_INFOPLIST_FILE = YES;
				IPHONEOS_DEPLOYMENT_TARGET = 17.0;
				MACOSX_DEPLOYMENT_TARGET = 13.5;
				MARKETING_VERSION = 1.0;
				PRODUCT_BUNDLE_IDENTIFIER = com.nth.keepersUITests;
				PRODUCT_NAME = "$(TARGET_NAME)";
				SDKROOT = auto;
				SUPPORTED_PLATFORMS = "iphoneos iphonesimulator macosx";
				SWIFT_EMIT_LOC_STRINGS = NO;
				SWIFT_VERSION = 5.0;
				TARGETED_DEVICE_FAMILY = "1,2";
				TEST_TARGET_NAME = keepers;
			};
			name = Debug;
		};
		B21911B72AA7A764003CE806 /* Release */ = {
			isa = XCBuildConfiguration;
			buildSettings = {
				ALWAYS_EMBED_SWIFT_STANDARD_LIBRARIES = YES;
				CODE_SIGN_STYLE = Automatic;
				CURRENT_PROJECT_VERSION = 1;
				DEAD_CODE_STRIPPING = YES;
				DEVELOPMENT_TEAM = QLUG646V84;
				GENERATE_INFOPLIST_FILE = YES;
				IPHONEOS_DEPLOYMENT_TARGET = 17.0;
				MACOSX_DEPLOYMENT_TARGET = 13.5;
				MARKETING_VERSION = 1.0;
				PRODUCT_BUNDLE_IDENTIFIER = com.nth.keepersUITests;
				PRODUCT_NAME = "$(TARGET_NAME)";
				SDKROOT = auto;
				SUPPORTED_PLATFORMS = "iphoneos iphonesimulator macosx";
				SWIFT_EMIT_LOC_STRINGS = NO;
				SWIFT_VERSION = 5.0;
				TARGETED_DEVICE_FAMILY = "1,2";
				TEST_TARGET_NAME = keepers;
			};
			name = Release;
		};
		B21911DC2AA7A7EE003CE806 /* Debug */ = {
			isa = XCBuildConfiguration;
			buildSettings = {
				ASSETCATALOG_COMPILER_APPICON_NAME = AppIcon;
				ASSETCATALOG_COMPILER_GLOBAL_ACCENT_COLOR_NAME = AccentColor;
				CODE_SIGN_ENTITLEMENTS = "keepers-together/keepers-together.entitlements";
				CODE_SIGN_STYLE = Automatic;
				CURRENT_PROJECT_VERSION = 1;
				DEVELOPMENT_ASSET_PATHS = "\"keepers-together/Preview Content\"";
				DEVELOPMENT_TEAM = QLUG646V84;
				ENABLE_PREVIEWS = YES;
				GENERATE_INFOPLIST_FILE = YES;
				INFOPLIST_FILE = "$(TARGET_NAME)/Info.plist";
				LD_RUNPATH_SEARCH_PATHS = (
					"$(inherited)",
					"@executable_path/Frameworks",
				);
				MARKETING_VERSION = 1.0;
				PRODUCT_BUNDLE_IDENTIFIER = "com.nth.keepers-together";
				PRODUCT_NAME = "$(TARGET_NAME)";
				SDKROOT = xros;
				SUPPORTED_PLATFORMS = "xros xrsimulator";
				SWIFT_EMIT_LOC_STRINGS = YES;
				SWIFT_VERSION = 5.0;
				TARGETED_DEVICE_FAMILY = "1,2,7";
				XROS_DEPLOYMENT_TARGET = 1.0;
			};
			name = Debug;
		};
		B21911DD2AA7A7EE003CE806 /* Release */ = {
			isa = XCBuildConfiguration;
			buildSettings = {
				ASSETCATALOG_COMPILER_APPICON_NAME = AppIcon;
				ASSETCATALOG_COMPILER_GLOBAL_ACCENT_COLOR_NAME = AccentColor;
				CODE_SIGN_ENTITLEMENTS = "keepers-together/keepers-together.entitlements";
				CODE_SIGN_STYLE = Automatic;
				CURRENT_PROJECT_VERSION = 1;
				DEVELOPMENT_ASSET_PATHS = "\"keepers-together/Preview Content\"";
				DEVELOPMENT_TEAM = QLUG646V84;
				ENABLE_PREVIEWS = YES;
				GENERATE_INFOPLIST_FILE = YES;
				INFOPLIST_FILE = "$(TARGET_NAME)/Info.plist";
				LD_RUNPATH_SEARCH_PATHS = (
					"$(inherited)",
					"@executable_path/Frameworks",
				);
				MARKETING_VERSION = 1.0;
				PRODUCT_BUNDLE_IDENTIFIER = "com.nth.keepers-together";
				PRODUCT_NAME = "$(TARGET_NAME)";
				SDKROOT = xros;
				SUPPORTED_PLATFORMS = "xros xrsimulator";
				SWIFT_EMIT_LOC_STRINGS = YES;
				SWIFT_VERSION = 5.0;
				TARGETED_DEVICE_FAMILY = "1,2,7";
				VALIDATE_PRODUCT = YES;
				XROS_DEPLOYMENT_TARGET = 1.0;
			};
			name = Release;
		};
		B21911DF2AA7A7EE003CE806 /* Debug */ = {
			isa = XCBuildConfiguration;
			buildSettings = {
				ALWAYS_EMBED_SWIFT_STANDARD_LIBRARIES = YES;
				BUNDLE_LOADER = "$(TEST_HOST)";
				CODE_SIGN_STYLE = Automatic;
				CURRENT_PROJECT_VERSION = 1;
				DEVELOPMENT_TEAM = QLUG646V84;
				GENERATE_INFOPLIST_FILE = YES;
				MARKETING_VERSION = 1.0;
				PRODUCT_BUNDLE_IDENTIFIER = "com.nth.keepers-togetherTests";
				PRODUCT_NAME = "$(TARGET_NAME)";
				SDKROOT = xros;
				SUPPORTED_PLATFORMS = "xros xrsimulator";
				SWIFT_EMIT_LOC_STRINGS = NO;
				SWIFT_VERSION = 5.0;
				TARGETED_DEVICE_FAMILY = "1,2,7";
				TEST_HOST = "$(BUILT_PRODUCTS_DIR)/keepers:together.app/$(BUNDLE_EXECUTABLE_FOLDER_PATH)/keepers:together";
				XROS_DEPLOYMENT_TARGET = 1.0;
			};
			name = Debug;
		};
		B21911E02AA7A7EE003CE806 /* Release */ = {
			isa = XCBuildConfiguration;
			buildSettings = {
				ALWAYS_EMBED_SWIFT_STANDARD_LIBRARIES = YES;
				BUNDLE_LOADER = "$(TEST_HOST)";
				CODE_SIGN_STYLE = Automatic;
				CURRENT_PROJECT_VERSION = 1;
				DEVELOPMENT_TEAM = QLUG646V84;
				GENERATE_INFOPLIST_FILE = YES;
				MARKETING_VERSION = 1.0;
				PRODUCT_BUNDLE_IDENTIFIER = "com.nth.keepers-togetherTests";
				PRODUCT_NAME = "$(TARGET_NAME)";
				SDKROOT = xros;
				SUPPORTED_PLATFORMS = "xros xrsimulator";
				SWIFT_EMIT_LOC_STRINGS = NO;
				SWIFT_VERSION = 5.0;
				TARGETED_DEVICE_FAMILY = "1,2,7";
				TEST_HOST = "$(BUILT_PRODUCTS_DIR)/keepers:together.app/$(BUNDLE_EXECUTABLE_FOLDER_PATH)/keepers:together";
				VALIDATE_PRODUCT = YES;
				XROS_DEPLOYMENT_TARGET = 1.0;
			};
			name = Release;
		};
/* End XCBuildConfiguration section */

/* Begin XCConfigurationList section */
		B217E92A2AA97C1E0048C37A /* Build configuration list for PBXNativeTarget "shared-packages" */ = {
			isa = XCConfigurationList;
			buildConfigurations = (
				B217E92B2AA97C1E0048C37A /* Debug */,
				B217E92C2AA97C1E0048C37A /* Release */,
			);
			defaultConfigurationIsVisible = 0;
			defaultConfigurationName = Release;
		};
		B21911822AA7A762003CE806 /* Build configuration list for PBXProject "keepers" */ = {
			isa = XCConfigurationList;
			buildConfigurations = (
				B21911AD2AA7A764003CE806 /* Debug */,
				B21911AE2AA7A764003CE806 /* Release */,
			);
			defaultConfigurationIsVisible = 0;
			defaultConfigurationName = Release;
		};
		B21911AF2AA7A764003CE806 /* Build configuration list for PBXNativeTarget "keepers" */ = {
			isa = XCConfigurationList;
			buildConfigurations = (
				B21911B02AA7A764003CE806 /* Debug */,
				B21911B12AA7A764003CE806 /* Release */,
			);
			defaultConfigurationIsVisible = 0;
			defaultConfigurationName = Release;
		};
		B21911B22AA7A764003CE806 /* Build configuration list for PBXNativeTarget "keepersTests" */ = {
			isa = XCConfigurationList;
			buildConfigurations = (
				B21911B32AA7A764003CE806 /* Debug */,
				B21911B42AA7A764003CE806 /* Release */,
			);
			defaultConfigurationIsVisible = 0;
			defaultConfigurationName = Release;
		};
		B21911B52AA7A764003CE806 /* Build configuration list for PBXNativeTarget "keepersUITests" */ = {
			isa = XCConfigurationList;
			buildConfigurations = (
				B21911B62AA7A764003CE806 /* Debug */,
				B21911B72AA7A764003CE806 /* Release */,
			);
			defaultConfigurationIsVisible = 0;
			defaultConfigurationName = Release;
		};
		B21911DB2AA7A7EE003CE806 /* Build configuration list for PBXNativeTarget "keepers-together" */ = {
			isa = XCConfigurationList;
			buildConfigurations = (
				B21911DC2AA7A7EE003CE806 /* Debug */,
				B21911DD2AA7A7EE003CE806 /* Release */,
			);
			defaultConfigurationIsVisible = 0;
			defaultConfigurationName = Release;
		};
		B21911DE2AA7A7EE003CE806 /* Build configuration list for PBXNativeTarget "keepers:togetherTests" */ = {
			isa = XCConfigurationList;
			buildConfigurations = (
				B21911DF2AA7A7EE003CE806 /* Debug */,
				B21911E02AA7A7EE003CE806 /* Release */,
			);
			defaultConfigurationIsVisible = 0;
			defaultConfigurationName = Release;
		};
/* End XCConfigurationList section */

/* Begin XCRemoteSwiftPackageReference section */
		B217E9202AA97BEB0048C37A /* XCRemoteSwiftPackageReference "swift-composable-architecture" */ = {
			isa = XCRemoteSwiftPackageReference;
			repositoryURL = "https://github.com/pointfreeco/swift-composable-architecture";
			requirement = {
				kind = upToNextMajorVersion;
				minimumVersion = 1.2.0;
			};
		};
		B225E78B2AD0C86F00A79539 /* XCRemoteSwiftPackageReference "SwiftPriorityQueue" */ = {
			isa = XCRemoteSwiftPackageReference;
			repositoryURL = "https://github.com/davecom/SwiftPriorityQueue.git";
			requirement = {
				kind = upToNextMajorVersion;
				minimumVersion = 1.4.0;
			};
		};
		B2D9029A2AD2144300BE02BF /* XCRemoteSwiftPackageReference "Marquee" */ = {
			isa = XCRemoteSwiftPackageReference;
			repositoryURL = "https://github.com/stonko1994/Marquee";
			requirement = {
				kind = upToNextMajorVersion;
				minimumVersion = 1.0.0;
			};
		};
/* End XCRemoteSwiftPackageReference section */

/* Begin XCSwiftPackageProductDependency section */
		B21911C32AA7A7EB003CE806 /* RealityKitContent */ = {
			isa = XCSwiftPackageProductDependency;
			productName = RealityKitContent;
		};
		B225E78C2AD0C86F00A79539 /* SwiftPriorityQueue */ = {
			isa = XCSwiftPackageProductDependency;
			package = B225E78B2AD0C86F00A79539 /* XCRemoteSwiftPackageReference "SwiftPriorityQueue" */;
			productName = SwiftPriorityQueue;
		};
		B25D88E82B17456800BF624D /* ComposableArchitecture */ = {
			isa = XCSwiftPackageProductDependency;
			package = B217E9202AA97BEB0048C37A /* XCRemoteSwiftPackageReference "swift-composable-architecture" */;
			productName = ComposableArchitecture;
		};
		B2D9029B2AD2144300BE02BF /* Marquee */ = {
			isa = XCSwiftPackageProductDependency;
			package = B2D9029A2AD2144300BE02BF /* XCRemoteSwiftPackageReference "Marquee" */;
			productName = Marquee;
		};
/* End XCSwiftPackageProductDependency section */
	};
	rootObject = B219117F2AA7A762003CE806 /* Project object */;
}
